// !$*UTF8*$!
{
	archiveVersion = 1;
	classes = {
	};
	objectVersion = 46;
	objects = {

/* Begin PBXBuildFile section */
		C00208D7199DE9D9009CD7FF /* BejoyViewController.m in Sources */ = {isa = PBXBuildFile; fileRef = C00208D6199DE9D9009CD7FF /* BejoyViewController.m */; };
		C00208DB199DEA81009CD7FF /* AD-bejoy-0@2x.png in Resources */ = {isa = PBXBuildFile; fileRef = C00208D9199DEA81009CD7FF /* AD-bejoy-0@2x.png */; };
		C00208DC199DEA81009CD7FF /* AD-bejoy-1@2x.png in Resources */ = {isa = PBXBuildFile; fileRef = C00208DA199DEA81009CD7FF /* AD-bejoy-1@2x.png */; };
		C00208E0199E10A1009CD7FF /* NineSquaredView.m in Sources */ = {isa = PBXBuildFile; fileRef = C00208DF199E10A1009CD7FF /* NineSquaredView.m */; };
		C00208E3199E1DAC009CD7FF /* CMSCoinView.m in Sources */ = {isa = PBXBuildFile; fileRef = C00208E1199E1DAC009CD7FF /* CMSCoinView.m */; };
		C002D85F199DD81E009CD7FF /* Foundation.framework in Frameworks */ = {isa = PBXBuildFile; fileRef = C002D85E199DD81E009CD7FF /* Foundation.framework */; };
		C002D861199DD81E009CD7FF /* CoreGraphics.framework in Frameworks */ = {isa = PBXBuildFile; fileRef = C002D860199DD81E009CD7FF /* CoreGraphics.framework */; };
		C002D863199DD81E009CD7FF /* UIKit.framework in Frameworks */ = {isa = PBXBuildFile; fileRef = C002D862199DD81E009CD7FF /* UIKit.framework */; };
		C002D869199DD81E009CD7FF /* InfoPlist.strings in Resources */ = {isa = PBXBuildFile; fileRef = C002D867199DD81E009CD7FF /* InfoPlist.strings */; };
		C002D86B199DD81E009CD7FF /* main.m in Sources */ = {isa = PBXBuildFile; fileRef = C002D86A199DD81E009CD7FF /* main.m */; };
		C002D86F199DD81E009CD7FF /* ZHAppDelegate.m in Sources */ = {isa = PBXBuildFile; fileRef = C002D86E199DD81E009CD7FF /* ZHAppDelegate.m */; };
		C002D872199DD81E009CD7FF /* Main.storyboard in Resources */ = {isa = PBXBuildFile; fileRef = C002D870199DD81E009CD7FF /* Main.storyboard */; };
		C002D875199DD81E009CD7FF /* ZHViewController.m in Sources */ = {isa = PBXBuildFile; fileRef = C002D874199DD81E009CD7FF /* ZHViewController.m */; };
		C002D877199DD81E009CD7FF /* Images.xcassets in Resources */ = {isa = PBXBuildFile; fileRef = C002D876199DD81E009CD7FF /* Images.xcassets */; };
		C002D87E199DD81E009CD7FF /* XCTest.framework in Frameworks */ = {isa = PBXBuildFile; fileRef = C002D87D199DD81E009CD7FF /* XCTest.framework */; };
		C002D87F199DD81E009CD7FF /* Foundation.framework in Frameworks */ = {isa = PBXBuildFile; fileRef = C002D85E199DD81E009CD7FF /* Foundation.framework */; };
		C002D880199DD81E009CD7FF /* UIKit.framework in Frameworks */ = {isa = PBXBuildFile; fileRef = C002D862199DD81E009CD7FF /* UIKit.framework */; };
		C002D888199DD81E009CD7FF /* InfoPlist.strings in Resources */ = {isa = PBXBuildFile; fileRef = C002D886199DD81E009CD7FF /* InfoPlist.strings */; };
		C002D88A199DD81E009CD7FF /* LangSiYaZhiTests.m in Sources */ = {isa = PBXBuildFile; fileRef = C002D889199DD81E009CD7FF /* LangSiYaZhiTests.m */; };
		C002D89C199DD831009CD7FF /* LSModelViewController.m in Sources */ = {isa = PBXBuildFile; fileRef = C002D894199DD830009CD7FF /* LSModelViewController.m */; };
		C002D89D199DD831009CD7FF /* LSModelViewController.xib in Resources */ = {isa = PBXBuildFile; fileRef = C002D895199DD830009CD7FF /* LSModelViewController.xib */; };
		C002D89E199DD831009CD7FF /* LSMainViewController.m in Sources */ = {isa = PBXBuildFile; fileRef = C002D897199DD830009CD7FF /* LSMainViewController.m */; };
		C002D89F199DD831009CD7FF /* LSMainViewController.xib in Resources */ = {isa = PBXBuildFile; fileRef = C002D898199DD830009CD7FF /* LSMainViewController.xib */; };
		C002D8A0199DD831009CD7FF /* ZHSecurityViewController.m in Sources */ = {isa = PBXBuildFile; fileRef = C002D89A199DD830009CD7FF /* ZHSecurityViewController.m */; };
		C002D8A1199DD831009CD7FF /* ZHSecurityViewController.xib in Resources */ = {isa = PBXBuildFile; fileRef = C002D89B199DD830009CD7FF /* ZHSecurityViewController.xib */; };
		C002D8AB199DD839009CD7FF /* HeYeViewController.m in Sources */ = {isa = PBXBuildFile; fileRef = C002D8A3199DD839009CD7FF /* HeYeViewController.m */; settings = {COMPILER_FLAGS = "-fno-objc-arc"; }; };
		C002D8AC199DD839009CD7FF /* BashouViewController.m in Sources */ = {isa = PBXBuildFile; fileRef = C002D8A5199DD839009CD7FF /* BashouViewController.m */; settings = {COMPILER_FLAGS = "-fno-objc-arc"; }; };
		C002D8AD199DD839009CD7FF /* GuDingMaViewController.m in Sources */ = {isa = PBXBuildFile; fileRef = C002D8A7199DD839009CD7FF /* GuDingMaViewController.m */; settings = {COMPILER_FLAGS = "-fno-objc-arc"; }; };
		C002D8AE199DD839009CD7FF /* ZHWujinViewController.m in Sources */ = {isa = PBXBuildFile; fileRef = C002D8A9199DD839009CD7FF /* ZHWujinViewController.m */; };
		C002D8AF199DD839009CD7FF /* ZHWujinViewController.xib in Resources */ = {isa = PBXBuildFile; fileRef = C002D8AA199DD839009CD7FF /* ZHWujinViewController.xib */; };
		C002E4EE199DD85B009CD7FF /* lens五金预览-背景-180度左外开合页@2x.png in Resources */ = {isa = PBXBuildFile; fileRef = C002D8B2199DD852009CD7FF /* lens五金预览-背景-180度左外开合页@2x.png */; };
		C002E4EF199DD85B009CD7FF /* lens五金预览-背景-90固定码@2x.png in Resources */ = {isa = PBXBuildFile; fileRef = C002D8B3199DD852009CD7FF /* lens五金预览-背景-90固定码@2x.png */; };
		C002E4F0199DD85B009CD7FF /* lens五金预览-背景-把手@2x.png in Resources */ = {isa = PBXBuildFile; fileRef = C002D8B4199DD852009CD7FF /* lens五金预览-背景-把手@2x.png */; };
		C002E4F1199DD85B009CD7FF /* 指针-箭头@2x.png in Resources */ = {isa = PBXBuildFile; fileRef = C002D8B5199DD852009CD7FF /* 指针-箭头@2x.png */; };
		C002E4F2199DD85B009CD7FF /* 雅致-五金-1@2x.png in Resources */ = {isa = PBXBuildFile; fileRef = C002D8B6199DD852009CD7FF /* 雅致-五金-1@2x.png */; };
		C002E4F3199DD85B009CD7FF /* 雅致-五金-2@2x.png in Resources */ = {isa = PBXBuildFile; fileRef = C002D8B7199DD852009CD7FF /* 雅致-五金-2@2x.png */; };
		C002E4F4199DD85B009CD7FF /* 雅致-五金-3@2x.png in Resources */ = {isa = PBXBuildFile; fileRef = C002D8B8199DD852009CD7FF /* 雅致-五金-3@2x.png */; };
		C002F0BF199DD85C009CD7FF /* 雅致-产品1-图片1@2x.png in Resources */ = {isa = PBXBuildFile; fileRef = C002E498199DD85B009CD7FF /* 雅致-产品1-图片1@2x.png */; };
		C002F0C0199DD85C009CD7FF /* 雅致-产品1-图片2@2x.png in Resources */ = {isa = PBXBuildFile; fileRef = C002E499199DD85B009CD7FF /* 雅致-产品1-图片2@2x.png */; };
		C002F0C1199DD85C009CD7FF /* 雅致-产品1-文字1@2x.png in Resources */ = {isa = PBXBuildFile; fileRef = C002E49A199DD85B009CD7FF /* 雅致-产品1-文字1@2x.png */; };
		C002F0C2199DD85C009CD7FF /* 雅致-产品10-图片1@2x.png in Resources */ = {isa = PBXBuildFile; fileRef = C002E49C199DD85B009CD7FF /* 雅致-产品10-图片1@2x.png */; };
		C002F0C3199DD85C009CD7FF /* 雅致-产品2-图片1@2x.png in Resources */ = {isa = PBXBuildFile; fileRef = C002E49E199DD85B009CD7FF /* 雅致-产品2-图片1@2x.png */; };
		C002F0C4199DD85C009CD7FF /* 雅致-产品2-图片2@2x.png in Resources */ = {isa = PBXBuildFile; fileRef = C002E49F199DD85B009CD7FF /* 雅致-产品2-图片2@2x.png */; };
		C002F0C5199DD85C009CD7FF /* 雅致-产品2-文字1@2x.png in Resources */ = {isa = PBXBuildFile; fileRef = C002E4A0199DD85B009CD7FF /* 雅致-产品2-文字1@2x.png */; };
		C002F0C6199DD85C009CD7FF /* 雅致-产品3-图片1@2x.png in Resources */ = {isa = PBXBuildFile; fileRef = C002E4A2199DD85B009CD7FF /* 雅致-产品3-图片1@2x.png */; };
		C002F0C7199DD85C009CD7FF /* 雅致-产品3-图片2@2x.png in Resources */ = {isa = PBXBuildFile; fileRef = C002E4A3199DD85B009CD7FF /* 雅致-产品3-图片2@2x.png */; };
		C002F0C8199DD85C009CD7FF /* 雅致-产品3-图片3@2x.png in Resources */ = {isa = PBXBuildFile; fileRef = C002E4A4199DD85B009CD7FF /* 雅致-产品3-图片3@2x.png */; };
		C002F0C9199DD85C009CD7FF /* 雅致-产品3-文字1@2x.png in Resources */ = {isa = PBXBuildFile; fileRef = C002E4A5199DD85B009CD7FF /* 雅致-产品3-文字1@2x.png */; };
		C002F0CA199DD85C009CD7FF /* 雅致-产品4-图片1@2x.png in Resources */ = {isa = PBXBuildFile; fileRef = C002E4A7199DD85B009CD7FF /* 雅致-产品4-图片1@2x.png */; };
		C002F0CB199DD85C009CD7FF /* 雅致-产品5-图片1@2x.png in Resources */ = {isa = PBXBuildFile; fileRef = C002E4A9199DD85B009CD7FF /* 雅致-产品5-图片1@2x.png */; };
		C002F0CC199DD85C009CD7FF /* 雅致-产品5-图片2@2x.png in Resources */ = {isa = PBXBuildFile; fileRef = C002E4AA199DD85B009CD7FF /* 雅致-产品5-图片2@2x.png */; };
		C002F0CD199DD85C009CD7FF /* 雅致-产品5-文字1@2x.png in Resources */ = {isa = PBXBuildFile; fileRef = C002E4AB199DD85B009CD7FF /* 雅致-产品5-文字1@2x.png */; };
		C002F0CE199DD85C009CD7FF /* 雅致-产品5-文字2@2x.png in Resources */ = {isa = PBXBuildFile; fileRef = C002E4AC199DD85B009CD7FF /* 雅致-产品5-文字2@2x.png */; };
		C002F0CF199DD85C009CD7FF /* 雅致-产品6-图片1@2x.png in Resources */ = {isa = PBXBuildFile; fileRef = C002E4AE199DD85B009CD7FF /* 雅致-产品6-图片1@2x.png */; };
		C002F0D0199DD85C009CD7FF /* 雅致-产品6-文字1@2x.png in Resources */ = {isa = PBXBuildFile; fileRef = C002E4AF199DD85B009CD7FF /* 雅致-产品6-文字1@2x.png */; };
		C002F0D1199DD85C009CD7FF /* 雅致-产品7-图片1@2x.png in Resources */ = {isa = PBXBuildFile; fileRef = C002E4B1199DD85B009CD7FF /* 雅致-产品7-图片1@2x.png */; };
		C002F0D2199DD85C009CD7FF /* 雅致-产品7-文字1@2x.png in Resources */ = {isa = PBXBuildFile; fileRef = C002E4B2199DD85B009CD7FF /* 雅致-产品7-文字1@2x.png */; };
		C002F0D3199DD85C009CD7FF /* 雅致-产品8-图片1@2x.png in Resources */ = {isa = PBXBuildFile; fileRef = C002E4B4199DD85B009CD7FF /* 雅致-产品8-图片1@2x.png */; };
		C002F0D4199DD85C009CD7FF /* 雅致-产品8-文字1@2x.png in Resources */ = {isa = PBXBuildFile; fileRef = C002E4B5199DD85B009CD7FF /* 雅致-产品8-文字1@2x.png */; };
		C002F0D5199DD85C009CD7FF /* 雅致-产品9-图片1@2x.png in Resources */ = {isa = PBXBuildFile; fileRef = C002E4B7199DD85B009CD7FF /* 雅致-产品9-图片1@2x.png */; };
		C002F0D6199DD85C009CD7FF /* 雅致-产品9-文字1@2x.png in Resources */ = {isa = PBXBuildFile; fileRef = C002E4B8199DD85B009CD7FF /* 雅致-产品9-文字1@2x.png */; };
		C002F0D7199DD85C009CD7FF /* 雅致-产品-辅助信息@2x.png in Resources */ = {isa = PBXBuildFile; fileRef = C002E4B9199DD85B009CD7FF /* 雅致-产品-辅助信息@2x.png */; };
		C002F0D8199DD85C009CD7FF /* 雅致-产品-返回@2x.png in Resources */ = {isa = PBXBuildFile; fileRef = C002E4BA199DD85B009CD7FF /* 雅致-产品-返回@2x.png */; };
		C002F0D9199DD85C009CD7FF /* 按钮-型号-A31@2x.png in Resources */ = {isa = PBXBuildFile; fileRef = C002E4BC199DD85B009CD7FF /* 按钮-型号-A31@2x.png */; };
		C002F0DA199DD85C009CD7FF /* 按钮-型号-B31@2x.png in Resources */ = {isa = PBXBuildFile; fileRef = C002E4BD199DD85B009CD7FF /* 按钮-型号-B31@2x.png */; };
		C002F0DB199DD85C009CD7FF /* 按钮-型号-C21@2x.png in Resources */ = {isa = PBXBuildFile; fileRef = C002E4BE199DD85B009CD7FF /* 按钮-型号-C21@2x.png */; };
		C002F0DC199DD85C009CD7FF /* 按钮-型号-D42@2x.png in Resources */ = {isa = PBXBuildFile; fileRef = C002E4BF199DD85B009CD7FF /* 按钮-型号-D42@2x.png */; };
		C002F0DD199DD85C009CD7FF /* 按钮-型号-E31@2x.png in Resources */ = {isa = PBXBuildFile; fileRef = C002E4C0199DD85B009CD7FF /* 按钮-型号-E31@2x.png */; };
		C002F0DE199DD85C009CD7FF /* 按钮-型号-P11@2x.png in Resources */ = {isa = PBXBuildFile; fileRef = C002E4C1199DD85B009CD7FF /* 按钮-型号-P11@2x.png */; };
		C002F0DF199DD85C009CD7FF /* 按钮-型号-P21@2x.png in Resources */ = {isa = PBXBuildFile; fileRef = C002E4C2199DD85B009CD7FF /* 按钮-型号-P21@2x.png */; };
		C002F0E0199DD85C009CD7FF /* 按钮-型号-P21Q@2x.png in Resources */ = {isa = PBXBuildFile; fileRef = C002E4C3199DD85B009CD7FF /* 按钮-型号-P21Q@2x.png */; };
		C002F0E1199DD85C009CD7FF /* 按钮-型号-P31@2x.png in Resources */ = {isa = PBXBuildFile; fileRef = C002E4C4199DD85B009CD7FF /* 按钮-型号-P31@2x.png */; };
		C002F0E2199DD85C009CD7FF /* 按钮-型号-P42@2x.png in Resources */ = {isa = PBXBuildFile; fileRef = C002E4C5199DD85B009CD7FF /* 按钮-型号-P42@2x.png */; };
		C002F0E3199DD85C009CD7FF /* 雅致-型号-A31@2x.png in Resources */ = {isa = PBXBuildFile; fileRef = C002E4C6199DD85B009CD7FF /* 雅致-型号-A31@2x.png */; };
		C002F0E4199DD85C009CD7FF /* 雅致-型号-B31@2x.png in Resources */ = {isa = PBXBuildFile; fileRef = C002E4C7199DD85B009CD7FF /* 雅致-型号-B31@2x.png */; };
		C002F0E5199DD85C009CD7FF /* 雅致-型号-bg@2x.png in Resources */ = {isa = PBXBuildFile; fileRef = C002E4C8199DD85B009CD7FF /* 雅致-型号-bg@2x.png */; };
		C002F0E6199DD85C009CD7FF /* 雅致-型号-C21@2x.png in Resources */ = {isa = PBXBuildFile; fileRef = C002E4C9199DD85B009CD7FF /* 雅致-型号-C21@2x.png */; };
		C002F0E7199DD85C009CD7FF /* 雅致-型号-D42@2x.png in Resources */ = {isa = PBXBuildFile; fileRef = C002E4CA199DD85B009CD7FF /* 雅致-型号-D42@2x.png */; };
		C002F0E8199DD85C009CD7FF /* 雅致-型号-E31@2x.png in Resources */ = {isa = PBXBuildFile; fileRef = C002E4CB199DD85B009CD7FF /* 雅致-型号-E31@2x.png */; };
		C002F0E9199DD85C009CD7FF /* 雅致-型号-P11@2x.png in Resources */ = {isa = PBXBuildFile; fileRef = C002E4CC199DD85B009CD7FF /* 雅致-型号-P11@2x.png */; };
		C002F0EA199DD85C009CD7FF /* 雅致-型号-P21@2x.png in Resources */ = {isa = PBXBuildFile; fileRef = C002E4CD199DD85B009CD7FF /* 雅致-型号-P21@2x.png */; };
		C002F0EB199DD85C009CD7FF /* 雅致-型号-P21Q@2x.png in Resources */ = {isa = PBXBuildFile; fileRef = C002E4CE199DD85B009CD7FF /* 雅致-型号-P21Q@2x.png */; };
		C002F0EC199DD85C009CD7FF /* 雅致-型号-P31@2x.png in Resources */ = {isa = PBXBuildFile; fileRef = C002E4CF199DD85B009CD7FF /* 雅致-型号-P31@2x.png */; };
		C002F0ED199DD85C009CD7FF /* 雅致-型号-P42@2x.png in Resources */ = {isa = PBXBuildFile; fileRef = C002E4D0199DD85B009CD7FF /* 雅致-型号-P42@2x.png */; };
		C002F0F0199DD85C009CD7FF /* 雅致-安全-bg@2x.png in Resources */ = {isa = PBXBuildFile; fileRef = C002E4D4199DD85B009CD7FF /* 雅致-安全-bg@2x.png */; };
		C002F0F2199DD85C009CD7FF /* 雅致-安全-文字1@2x.png in Resources */ = {isa = PBXBuildFile; fileRef = C002E4D6199DD85B009CD7FF /* 雅致-安全-文字1@2x.png */; };
		C002F0F3199DD85C009CD7FF /* 雅致-安全-文字2@2x.png in Resources */ = {isa = PBXBuildFile; fileRef = C002E4D7199DD85B009CD7FF /* 雅致-安全-文字2@2x.png */; };
		C002F0F4199DD85C009CD7FF /* 雅致-安全-玻璃1@2x.png in Resources */ = {isa = PBXBuildFile; fileRef = C002E4D8199DD85B009CD7FF /* 雅致-安全-玻璃1@2x.png */; };
		C002F0F5199DD85C009CD7FF /* 雅致-安全-玻璃2@2x.png in Resources */ = {isa = PBXBuildFile; fileRef = C002E4D9199DD85B009CD7FF /* 雅致-安全-玻璃2@2x.png */; };
		C002F0F6199DD85C009CD7FF /* 雅致-安全-视频1@2x.png in Resources */ = {isa = PBXBuildFile; fileRef = C002E4DA199DD85B009CD7FF /* 雅致-安全-视频1@2x.png */; };
		C002F0F7199DD85C009CD7FF /* 雅致-扉页-bg00@2x.png in Resources */ = {isa = PBXBuildFile; fileRef = C002E4DC199DD85B009CD7FF /* 雅致-扉页-bg00@2x.png */; };
		C002F0F8199DD85C009CD7FF /* 雅致-扉页-bg01@2x.png in Resources */ = {isa = PBXBuildFile; fileRef = C002E4DD199DD85B009CD7FF /* 雅致-扉页-bg01@2x.png */; };
		C002F0F9199DD85C009CD7FF /* 雅致-扉页-bg02@2x.png in Resources */ = {isa = PBXBuildFile; fileRef = C002E4DE199DD85B009CD7FF /* 雅致-扉页-bg02@2x.png */; };
		C002F0FA199DD85C009CD7FF /* 雅致-扉页-bg03@2x.png in Resources */ = {isa = PBXBuildFile; fileRef = C002E4DF199DD85B009CD7FF /* 雅致-扉页-bg03@2x.png */; };
		C002F0FB199DD85C009CD7FF /* 按钮-bejoy@2x.png in Resources */ = {isa = PBXBuildFile; fileRef = C002E4E1199DD85B009CD7FF /* 按钮-bejoy@2x.png */; };
		C002F0FC199DD85C009CD7FF /* 按钮-五金@2x.png in Resources */ = {isa = PBXBuildFile; fileRef = C002E4E2199DD85B009CD7FF /* 按钮-五金@2x.png */; };
		C002F0FD199DD85C009CD7FF /* 按钮-产品@2x.png in Resources */ = {isa = PBXBuildFile; fileRef = C002E4E3199DD85B009CD7FF /* 按钮-产品@2x.png */; };
		C002F0FE199DD85C009CD7FF /* 按钮-价格@2x.png in Resources */ = {isa = PBXBuildFile; fileRef = C002E4E4199DD85B009CD7FF /* 按钮-价格@2x.png */; };
		C002F0FF199DD85C009CD7FF /* 按钮-历史@2x.png in Resources */ = {isa = PBXBuildFile; fileRef = C002E4E5199DD85B009CD7FF /* 按钮-历史@2x.png */; };
		C002F100199DD85C009CD7FF /* 按钮-安全@2x.png in Resources */ = {isa = PBXBuildFile; fileRef = C002E4E6199DD85B009CD7FF /* 按钮-安全@2x.png */; };
		C002F101199DD85C009CD7FF /* 雅致-首页-bg01@2x.png in Resources */ = {isa = PBXBuildFile; fileRef = C002E4E7199DD85B009CD7FF /* 雅致-首页-bg01@2x.png */; };
		C002F102199DD85C009CD7FF /* 雅致-首页-bg02@2x.png in Resources */ = {isa = PBXBuildFile; fileRef = C002E4E8199DD85B009CD7FF /* 雅致-首页-bg02@2x.png */; };
		C002F103199DD85C009CD7FF /* 雅致-首页-bg03@2x.png in Resources */ = {isa = PBXBuildFile; fileRef = C002E4E9199DD85B009CD7FF /* 雅致-首页-bg03@2x.png */; };
		C002F104199DD85C009CD7FF /* 雅致-首页-bg04@2x.png in Resources */ = {isa = PBXBuildFile; fileRef = C002E4EA199DD85B009CD7FF /* 雅致-首页-bg04@2x.png */; };
		C002F105199DD85C009CD7FF /* 雅致-首页-bg05@2x.png in Resources */ = {isa = PBXBuildFile; fileRef = C002E4EB199DD85B009CD7FF /* 雅致-首页-bg05@2x.png */; };
		C002F107199DD85C009CD7FF /* 雅致-首页导航条-bg@2x.png in Resources */ = {isa = PBXBuildFile; fileRef = C002E4ED199DD85B009CD7FF /* 雅致-首页导航条-bg@2x.png */; };
		C002F10A199DE0E1009CD7FF /* LSViewController.m in Sources */ = {isa = PBXBuildFile; fileRef = C002F109199DE0E1009CD7FF /* LSViewController.m */; };
		C002F10D199DE0F7009CD7FF /* AllBaseViewController.m in Sources */ = {isa = PBXBuildFile; fileRef = C002F10C199DE0F7009CD7FF /* AllBaseViewController.m */; };
		C002F112199DE107009CD7FF /* TransitionVerticalAnimationView.m in Sources */ = {isa = PBXBuildFile; fileRef = C002F10F199DE107009CD7FF /* TransitionVerticalAnimationView.m */; };
		C002F113199DE107009CD7FF /* TransitionHorizontalAnimationView.m in Sources */ = {isa = PBXBuildFile; fileRef = C002F111199DE107009CD7FF /* TransitionHorizontalAnimationView.m */; };
		C002F11D199DE122009CD7FF /* HUTransitionAnimator.m in Sources */ = {isa = PBXBuildFile; fileRef = C002F116199DE122009CD7FF /* HUTransitionAnimator.m */; };
		C002F11E199DE123009CD7FF /* HUTransitionGhostAnimator.m in Sources */ = {isa = PBXBuildFile; fileRef = C002F118199DE122009CD7FF /* HUTransitionGhostAnimator.m */; };
		C002F11F199DE123009CD7FF /* HUTransitionHorizontalLinesAnimator.m in Sources */ = {isa = PBXBuildFile; fileRef = C002F11A199DE122009CD7FF /* HUTransitionHorizontalLinesAnimator.m */; };
		C002F120199DE123009CD7FF /* HUTransitionVerticalLinesAnimator.m in Sources */ = {isa = PBXBuildFile; fileRef = C002F11C199DE122009CD7FF /* HUTransitionVerticalLinesAnimator.m */; };
		C002F124199DE192009CD7FF /* Button.m in Sources */ = {isa = PBXBuildFile; fileRef = C002F123199DE192009CD7FF /* Button.m */; };
		C002F127199DE1C6009CD7FF /* ImageView.m in Sources */ = {isa = PBXBuildFile; fileRef = C002F126199DE1C6009CD7FF /* ImageView.m */; };
		C002F129199DE239009CD7FF /* CoreMotion.framework in Frameworks */ = {isa = PBXBuildFile; fileRef = C002F128199DE239009CD7FF /* CoreMotion.framework */; };
		C0619F2A19A1E228007F7247 /* Image.m in Sources */ = {isa = PBXBuildFile; fileRef = C0619F2919A1E228007F7247 /* Image.m */; };
/* End PBXBuildFile section */

/* Begin PBXContainerItemProxy section */
		C002D881199DD81E009CD7FF /* PBXContainerItemProxy */ = {
			isa = PBXContainerItemProxy;
			containerPortal = C002D853199DD81E009CD7FF /* Project object */;
			proxyType = 1;
			remoteGlobalIDString = C002D85A199DD81E009CD7FF;
			remoteInfo = LangSiYaZhi;
		};
/* End PBXContainerItemProxy section */

/* Begin PBXFileReference section */
		C00208D5199DE9D9009CD7FF /* BejoyViewController.h */ = {isa = PBXFileReference; fileEncoding = 4; lastKnownFileType = sourcecode.c.h; path = BejoyViewController.h; sourceTree = "<group>"; };
		C00208D6199DE9D9009CD7FF /* BejoyViewController.m */ = {isa = PBXFileReference; fileEncoding = 4; lastKnownFileType = sourcecode.c.objc; path = BejoyViewController.m; sourceTree = "<group>"; };
		C00208D9199DEA81009CD7FF /* AD-bejoy-0@2x.png */ = {isa = PBXFileReference; lastKnownFileType = image.png; path = "AD-bejoy-0@2x.png"; sourceTree = "<group>"; };
		C00208DA199DEA81009CD7FF /* AD-bejoy-1@2x.png */ = {isa = PBXFileReference; lastKnownFileType = image.png; path = "AD-bejoy-1@2x.png"; sourceTree = "<group>"; };
		C00208DE199E10A1009CD7FF /* NineSquaredView.h */ = {isa = PBXFileReference; fileEncoding = 4; lastKnownFileType = sourcecode.c.h; path = NineSquaredView.h; sourceTree = "<group>"; };
		C00208DF199E10A1009CD7FF /* NineSquaredView.m */ = {isa = PBXFileReference; fileEncoding = 4; lastKnownFileType = sourcecode.c.objc; path = NineSquaredView.m; sourceTree = "<group>"; };
		C00208E1199E1DAC009CD7FF /* CMSCoinView.m */ = {isa = PBXFileReference; fileEncoding = 4; lastKnownFileType = sourcecode.c.objc; path = CMSCoinView.m; sourceTree = "<group>"; };
		C00208E2199E1DAC009CD7FF /* CMSCoinView.h */ = {isa = PBXFileReference; fileEncoding = 4; lastKnownFileType = sourcecode.c.h; path = CMSCoinView.h; sourceTree = "<group>"; };
		C002D85B199DD81E009CD7FF /* LangSiYaZhi.app */ = {isa = PBXFileReference; explicitFileType = wrapper.application; includeInIndex = 0; path = LangSiYaZhi.app; sourceTree = BUILT_PRODUCTS_DIR; };
		C002D85E199DD81E009CD7FF /* Foundation.framework */ = {isa = PBXFileReference; lastKnownFileType = wrapper.framework; name = Foundation.framework; path = System/Library/Frameworks/Foundation.framework; sourceTree = SDKROOT; };
		C002D860199DD81E009CD7FF /* CoreGraphics.framework */ = {isa = PBXFileReference; lastKnownFileType = wrapper.framework; name = CoreGraphics.framework; path = System/Library/Frameworks/CoreGraphics.framework; sourceTree = SDKROOT; };
		C002D862199DD81E009CD7FF /* UIKit.framework */ = {isa = PBXFileReference; lastKnownFileType = wrapper.framework; name = UIKit.framework; path = System/Library/Frameworks/UIKit.framework; sourceTree = SDKROOT; };
		C002D866199DD81E009CD7FF /* LangSiYaZhi-Info.plist */ = {isa = PBXFileReference; lastKnownFileType = text.plist.xml; path = "LangSiYaZhi-Info.plist"; sourceTree = "<group>"; };
		C002D868199DD81E009CD7FF /* en */ = {isa = PBXFileReference; lastKnownFileType = text.plist.strings; name = en; path = en.lproj/InfoPlist.strings; sourceTree = "<group>"; };
		C002D86A199DD81E009CD7FF /* main.m */ = {isa = PBXFileReference; lastKnownFileType = sourcecode.c.objc; path = main.m; sourceTree = "<group>"; };
		C002D86C199DD81E009CD7FF /* LangSiYaZhi-Prefix.pch */ = {isa = PBXFileReference; lastKnownFileType = sourcecode.c.h; path = "LangSiYaZhi-Prefix.pch"; sourceTree = "<group>"; };
		C002D86D199DD81E009CD7FF /* ZHAppDelegate.h */ = {isa = PBXFileReference; lastKnownFileType = sourcecode.c.h; path = ZHAppDelegate.h; sourceTree = "<group>"; };
		C002D86E199DD81E009CD7FF /* ZHAppDelegate.m */ = {isa = PBXFileReference; lastKnownFileType = sourcecode.c.objc; path = ZHAppDelegate.m; sourceTree = "<group>"; };
		C002D871199DD81E009CD7FF /* Base */ = {isa = PBXFileReference; lastKnownFileType = file.storyboard; name = Base; path = Base.lproj/Main.storyboard; sourceTree = "<group>"; };
		C002D873199DD81E009CD7FF /* ZHViewController.h */ = {isa = PBXFileReference; lastKnownFileType = sourcecode.c.h; path = ZHViewController.h; sourceTree = "<group>"; };
		C002D874199DD81E009CD7FF /* ZHViewController.m */ = {isa = PBXFileReference; lastKnownFileType = sourcecode.c.objc; path = ZHViewController.m; sourceTree = "<group>"; };
		C002D876199DD81E009CD7FF /* Images.xcassets */ = {isa = PBXFileReference; lastKnownFileType = folder.assetcatalog; path = Images.xcassets; sourceTree = "<group>"; };
		C002D87C199DD81E009CD7FF /* LangSiYaZhiTests.xctest */ = {isa = PBXFileReference; explicitFileType = wrapper.cfbundle; includeInIndex = 0; path = LangSiYaZhiTests.xctest; sourceTree = BUILT_PRODUCTS_DIR; };
		C002D87D199DD81E009CD7FF /* XCTest.framework */ = {isa = PBXFileReference; lastKnownFileType = wrapper.framework; name = XCTest.framework; path = Library/Frameworks/XCTest.framework; sourceTree = DEVELOPER_DIR; };
		C002D885199DD81E009CD7FF /* LangSiYaZhiTests-Info.plist */ = {isa = PBXFileReference; lastKnownFileType = text.plist.xml; path = "LangSiYaZhiTests-Info.plist"; sourceTree = "<group>"; };
		C002D887199DD81E009CD7FF /* en */ = {isa = PBXFileReference; lastKnownFileType = text.plist.strings; name = en; path = en.lproj/InfoPlist.strings; sourceTree = "<group>"; };
		C002D889199DD81E009CD7FF /* LangSiYaZhiTests.m */ = {isa = PBXFileReference; lastKnownFileType = sourcecode.c.objc; path = LangSiYaZhiTests.m; sourceTree = "<group>"; };
		C002D893199DD830009CD7FF /* LSModelViewController.h */ = {isa = PBXFileReference; fileEncoding = 4; lastKnownFileType = sourcecode.c.h; path = LSModelViewController.h; sourceTree = "<group>"; };
		C002D894199DD830009CD7FF /* LSModelViewController.m */ = {isa = PBXFileReference; fileEncoding = 4; lastKnownFileType = sourcecode.c.objc; path = LSModelViewController.m; sourceTree = "<group>"; };
		C002D895199DD830009CD7FF /* LSModelViewController.xib */ = {isa = PBXFileReference; fileEncoding = 4; lastKnownFileType = file.xib; path = LSModelViewController.xib; sourceTree = "<group>"; };
		C002D896199DD830009CD7FF /* LSMainViewController.h */ = {isa = PBXFileReference; fileEncoding = 4; lastKnownFileType = sourcecode.c.h; path = LSMainViewController.h; sourceTree = "<group>"; };
		C002D897199DD830009CD7FF /* LSMainViewController.m */ = {isa = PBXFileReference; fileEncoding = 4; lastKnownFileType = sourcecode.c.objc; path = LSMainViewController.m; sourceTree = "<group>"; };
		C002D898199DD830009CD7FF /* LSMainViewController.xib */ = {isa = PBXFileReference; fileEncoding = 4; lastKnownFileType = file.xib; path = LSMainViewController.xib; sourceTree = "<group>"; };
		C002D899199DD830009CD7FF /* ZHSecurityViewController.h */ = {isa = PBXFileReference; fileEncoding = 4; lastKnownFileType = sourcecode.c.h; path = ZHSecurityViewController.h; sourceTree = "<group>"; };
		C002D89A199DD830009CD7FF /* ZHSecurityViewController.m */ = {isa = PBXFileReference; fileEncoding = 4; lastKnownFileType = sourcecode.c.objc; path = ZHSecurityViewController.m; sourceTree = "<group>"; };
		C002D89B199DD830009CD7FF /* ZHSecurityViewController.xib */ = {isa = PBXFileReference; fileEncoding = 4; lastKnownFileType = file.xib; path = ZHSecurityViewController.xib; sourceTree = "<group>"; };
		C002D8A2199DD839009CD7FF /* HeYeViewController.h */ = {isa = PBXFileReference; fileEncoding = 4; lastKnownFileType = sourcecode.c.h; path = HeYeViewController.h; sourceTree = "<group>"; };
		C002D8A3199DD839009CD7FF /* HeYeViewController.m */ = {isa = PBXFileReference; fileEncoding = 4; lastKnownFileType = sourcecode.c.objc; path = HeYeViewController.m; sourceTree = "<group>"; };
		C002D8A4199DD839009CD7FF /* BashouViewController.h */ = {isa = PBXFileReference; fileEncoding = 4; lastKnownFileType = sourcecode.c.h; path = BashouViewController.h; sourceTree = "<group>"; };
		C002D8A5199DD839009CD7FF /* BashouViewController.m */ = {isa = PBXFileReference; fileEncoding = 4; lastKnownFileType = sourcecode.c.objc; path = BashouViewController.m; sourceTree = "<group>"; };
		C002D8A6199DD839009CD7FF /* GuDingMaViewController.h */ = {isa = PBXFileReference; fileEncoding = 4; lastKnownFileType = sourcecode.c.h; path = GuDingMaViewController.h; sourceTree = "<group>"; };
		C002D8A7199DD839009CD7FF /* GuDingMaViewController.m */ = {isa = PBXFileReference; fileEncoding = 4; lastKnownFileType = sourcecode.c.objc; path = GuDingMaViewController.m; sourceTree = "<group>"; };
		C002D8A8199DD839009CD7FF /* ZHWujinViewController.h */ = {isa = PBXFileReference; fileEncoding = 4; lastKnownFileType = sourcecode.c.h; path = ZHWujinViewController.h; sourceTree = "<group>"; };
		C002D8A9199DD839009CD7FF /* ZHWujinViewController.m */ = {isa = PBXFileReference; fileEncoding = 4; lastKnownFileType = sourcecode.c.objc; path = ZHWujinViewController.m; sourceTree = "<group>"; };
		C002D8AA199DD839009CD7FF /* ZHWujinViewController.xib */ = {isa = PBXFileReference; fileEncoding = 4; lastKnownFileType = file.xib; path = ZHWujinViewController.xib; sourceTree = "<group>"; };
		C002D8B2199DD852009CD7FF /* lens五金预览-背景-180度左外开合页@2x.png */ = {isa = PBXFileReference; lastKnownFileType = image.png; path = "lens五金预览-背景-180度左外开合页@2x.png"; sourceTree = "<group>"; };
		C002D8B3199DD852009CD7FF /* lens五金预览-背景-90固定码@2x.png */ = {isa = PBXFileReference; lastKnownFileType = image.png; path = "lens五金预览-背景-90固定码@2x.png"; sourceTree = "<group>"; };
		C002D8B4199DD852009CD7FF /* lens五金预览-背景-把手@2x.png */ = {isa = PBXFileReference; lastKnownFileType = image.png; path = "lens五金预览-背景-把手@2x.png"; sourceTree = "<group>"; };
		C002D8B5199DD852009CD7FF /* 指针-箭头@2x.png */ = {isa = PBXFileReference; lastKnownFileType = image.png; path = "指针-箭头@2x.png"; sourceTree = "<group>"; };
		C002D8B6199DD852009CD7FF /* 雅致-五金-1@2x.png */ = {isa = PBXFileReference; lastKnownFileType = image.png; path = "雅致-五金-1@2x.png"; sourceTree = "<group>"; };
		C002D8B7199DD852009CD7FF /* 雅致-五金-2@2x.png */ = {isa = PBXFileReference; lastKnownFileType = image.png; path = "雅致-五金-2@2x.png"; sourceTree = "<group>"; };
		C002D8B8199DD852009CD7FF /* 雅致-五金-3@2x.png */ = {isa = PBXFileReference; lastKnownFileType = image.png; path = "雅致-五金-3@2x.png"; sourceTree = "<group>"; };
		C002E498199DD85B009CD7FF /* 雅致-产品1-图片1@2x.png */ = {isa = PBXFileReference; lastKnownFileType = image.png; path = "雅致-产品1-图片1@2x.png"; sourceTree = "<group>"; };
		C002E499199DD85B009CD7FF /* 雅致-产品1-图片2@2x.png */ = {isa = PBXFileReference; lastKnownFileType = image.png; path = "雅致-产品1-图片2@2x.png"; sourceTree = "<group>"; };
		C002E49A199DD85B009CD7FF /* 雅致-产品1-文字1@2x.png */ = {isa = PBXFileReference; lastKnownFileType = image.png; path = "雅致-产品1-文字1@2x.png"; sourceTree = "<group>"; };
		C002E49C199DD85B009CD7FF /* 雅致-产品10-图片1@2x.png */ = {isa = PBXFileReference; lastKnownFileType = image.png; path = "雅致-产品10-图片1@2x.png"; sourceTree = "<group>"; };
		C002E49E199DD85B009CD7FF /* 雅致-产品2-图片1@2x.png */ = {isa = PBXFileReference; lastKnownFileType = image.png; path = "雅致-产品2-图片1@2x.png"; sourceTree = "<group>"; };
		C002E49F199DD85B009CD7FF /* 雅致-产品2-图片2@2x.png */ = {isa = PBXFileReference; lastKnownFileType = image.png; path = "雅致-产品2-图片2@2x.png"; sourceTree = "<group>"; };
		C002E4A0199DD85B009CD7FF /* 雅致-产品2-文字1@2x.png */ = {isa = PBXFileReference; lastKnownFileType = image.png; path = "雅致-产品2-文字1@2x.png"; sourceTree = "<group>"; };
		C002E4A2199DD85B009CD7FF /* 雅致-产品3-图片1@2x.png */ = {isa = PBXFileReference; lastKnownFileType = image.png; path = "雅致-产品3-图片1@2x.png"; sourceTree = "<group>"; };
		C002E4A3199DD85B009CD7FF /* 雅致-产品3-图片2@2x.png */ = {isa = PBXFileReference; lastKnownFileType = image.png; path = "雅致-产品3-图片2@2x.png"; sourceTree = "<group>"; };
		C002E4A4199DD85B009CD7FF /* 雅致-产品3-图片3@2x.png */ = {isa = PBXFileReference; lastKnownFileType = image.png; path = "雅致-产品3-图片3@2x.png"; sourceTree = "<group>"; };
		C002E4A5199DD85B009CD7FF /* 雅致-产品3-文字1@2x.png */ = {isa = PBXFileReference; lastKnownFileType = image.png; path = "雅致-产品3-文字1@2x.png"; sourceTree = "<group>"; };
		C002E4A7199DD85B009CD7FF /* 雅致-产品4-图片1@2x.png */ = {isa = PBXFileReference; lastKnownFileType = image.png; path = "雅致-产品4-图片1@2x.png"; sourceTree = "<group>"; };
		C002E4A9199DD85B009CD7FF /* 雅致-产品5-图片1@2x.png */ = {isa = PBXFileReference; lastKnownFileType = image.png; path = "雅致-产品5-图片1@2x.png"; sourceTree = "<group>"; };
		C002E4AA199DD85B009CD7FF /* 雅致-产品5-图片2@2x.png */ = {isa = PBXFileReference; lastKnownFileType = image.png; path = "雅致-产品5-图片2@2x.png"; sourceTree = "<group>"; };
		C002E4AB199DD85B009CD7FF /* 雅致-产品5-文字1@2x.png */ = {isa = PBXFileReference; lastKnownFileType = image.png; path = "雅致-产品5-文字1@2x.png"; sourceTree = "<group>"; };
		C002E4AC199DD85B009CD7FF /* 雅致-产品5-文字2@2x.png */ = {isa = PBXFileReference; lastKnownFileType = image.png; path = "雅致-产品5-文字2@2x.png"; sourceTree = "<group>"; };
		C002E4AE199DD85B009CD7FF /* 雅致-产品6-图片1@2x.png */ = {isa = PBXFileReference; lastKnownFileType = image.png; path = "雅致-产品6-图片1@2x.png"; sourceTree = "<group>"; };
		C002E4AF199DD85B009CD7FF /* 雅致-产品6-文字1@2x.png */ = {isa = PBXFileReference; lastKnownFileType = image.png; path = "雅致-产品6-文字1@2x.png"; sourceTree = "<group>"; };
		C002E4B1199DD85B009CD7FF /* 雅致-产品7-图片1@2x.png */ = {isa = PBXFileReference; lastKnownFileType = image.png; path = "雅致-产品7-图片1@2x.png"; sourceTree = "<group>"; };
		C002E4B2199DD85B009CD7FF /* 雅致-产品7-文字1@2x.png */ = {isa = PBXFileReference; lastKnownFileType = image.png; path = "雅致-产品7-文字1@2x.png"; sourceTree = "<group>"; };
		C002E4B4199DD85B009CD7FF /* 雅致-产品8-图片1@2x.png */ = {isa = PBXFileReference; lastKnownFileType = image.png; path = "雅致-产品8-图片1@2x.png"; sourceTree = "<group>"; };
		C002E4B5199DD85B009CD7FF /* 雅致-产品8-文字1@2x.png */ = {isa = PBXFileReference; lastKnownFileType = image.png; path = "雅致-产品8-文字1@2x.png"; sourceTree = "<group>"; };
		C002E4B7199DD85B009CD7FF /* 雅致-产品9-图片1@2x.png */ = {isa = PBXFileReference; lastKnownFileType = image.png; path = "雅致-产品9-图片1@2x.png"; sourceTree = "<group>"; };
		C002E4B8199DD85B009CD7FF /* 雅致-产品9-文字1@2x.png */ = {isa = PBXFileReference; lastKnownFileType = image.png; path = "雅致-产品9-文字1@2x.png"; sourceTree = "<group>"; };
		C002E4B9199DD85B009CD7FF /* 雅致-产品-辅助信息@2x.png */ = {isa = PBXFileReference; lastKnownFileType = image.png; path = "雅致-产品-辅助信息@2x.png"; sourceTree = "<group>"; };
		C002E4BA199DD85B009CD7FF /* 雅致-产品-返回@2x.png */ = {isa = PBXFileReference; lastKnownFileType = image.png; path = "雅致-产品-返回@2x.png"; sourceTree = "<group>"; };
		C002E4BC199DD85B009CD7FF /* 按钮-型号-A31@2x.png */ = {isa = PBXFileReference; lastKnownFileType = image.png; path = "按钮-型号-A31@2x.png"; sourceTree = "<group>"; };
		C002E4BD199DD85B009CD7FF /* 按钮-型号-B31@2x.png */ = {isa = PBXFileReference; lastKnownFileType = image.png; path = "按钮-型号-B31@2x.png"; sourceTree = "<group>"; };
		C002E4BE199DD85B009CD7FF /* 按钮-型号-C21@2x.png */ = {isa = PBXFileReference; lastKnownFileType = image.png; path = "按钮-型号-C21@2x.png"; sourceTree = "<group>"; };
		C002E4BF199DD85B009CD7FF /* 按钮-型号-D42@2x.png */ = {isa = PBXFileReference; lastKnownFileType = image.png; path = "按钮-型号-D42@2x.png"; sourceTree = "<group>"; };
		C002E4C0199DD85B009CD7FF /* 按钮-型号-E31@2x.png */ = {isa = PBXFileReference; lastKnownFileType = image.png; path = "按钮-型号-E31@2x.png"; sourceTree = "<group>"; };
		C002E4C1199DD85B009CD7FF /* 按钮-型号-P11@2x.png */ = {isa = PBXFileReference; lastKnownFileType = image.png; path = "按钮-型号-P11@2x.png"; sourceTree = "<group>"; };
		C002E4C2199DD85B009CD7FF /* 按钮-型号-P21@2x.png */ = {isa = PBXFileReference; lastKnownFileType = image.png; path = "按钮-型号-P21@2x.png"; sourceTree = "<group>"; };
		C002E4C3199DD85B009CD7FF /* 按钮-型号-P21Q@2x.png */ = {isa = PBXFileReference; lastKnownFileType = image.png; path = "按钮-型号-P21Q@2x.png"; sourceTree = "<group>"; };
		C002E4C4199DD85B009CD7FF /* 按钮-型号-P31@2x.png */ = {isa = PBXFileReference; lastKnownFileType = image.png; path = "按钮-型号-P31@2x.png"; sourceTree = "<group>"; };
		C002E4C5199DD85B009CD7FF /* 按钮-型号-P42@2x.png */ = {isa = PBXFileReference; lastKnownFileType = image.png; path = "按钮-型号-P42@2x.png"; sourceTree = "<group>"; };
		C002E4C6199DD85B009CD7FF /* 雅致-型号-A31@2x.png */ = {isa = PBXFileReference; lastKnownFileType = image.png; path = "雅致-型号-A31@2x.png"; sourceTree = "<group>"; };
		C002E4C7199DD85B009CD7FF /* 雅致-型号-B31@2x.png */ = {isa = PBXFileReference; lastKnownFileType = image.png; path = "雅致-型号-B31@2x.png"; sourceTree = "<group>"; };
		C002E4C8199DD85B009CD7FF /* 雅致-型号-bg@2x.png */ = {isa = PBXFileReference; lastKnownFileType = image.png; path = "雅致-型号-bg@2x.png"; sourceTree = "<group>"; };
		C002E4C9199DD85B009CD7FF /* 雅致-型号-C21@2x.png */ = {isa = PBXFileReference; lastKnownFileType = image.png; path = "雅致-型号-C21@2x.png"; sourceTree = "<group>"; };
		C002E4CA199DD85B009CD7FF /* 雅致-型号-D42@2x.png */ = {isa = PBXFileReference; lastKnownFileType = image.png; path = "雅致-型号-D42@2x.png"; sourceTree = "<group>"; };
		C002E4CB199DD85B009CD7FF /* 雅致-型号-E31@2x.png */ = {isa = PBXFileReference; lastKnownFileType = image.png; path = "雅致-型号-E31@2x.png"; sourceTree = "<group>"; };
		C002E4CC199DD85B009CD7FF /* 雅致-型号-P11@2x.png */ = {isa = PBXFileReference; lastKnownFileType = image.png; path = "雅致-型号-P11@2x.png"; sourceTree = "<group>"; };
		C002E4CD199DD85B009CD7FF /* 雅致-型号-P21@2x.png */ = {isa = PBXFileReference; lastKnownFileType = image.png; path = "雅致-型号-P21@2x.png"; sourceTree = "<group>"; };
		C002E4CE199DD85B009CD7FF /* 雅致-型号-P21Q@2x.png */ = {isa = PBXFileReference; lastKnownFileType = image.png; path = "雅致-型号-P21Q@2x.png"; sourceTree = "<group>"; };
		C002E4CF199DD85B009CD7FF /* 雅致-型号-P31@2x.png */ = {isa = PBXFileReference; lastKnownFileType = image.png; path = "雅致-型号-P31@2x.png"; sourceTree = "<group>"; };
		C002E4D0199DD85B009CD7FF /* 雅致-型号-P42@2x.png */ = {isa = PBXFileReference; lastKnownFileType = image.png; path = "雅致-型号-P42@2x.png"; sourceTree = "<group>"; };
		C002E4D3199DD85B009CD7FF /* lens1.mp4 */ = {isa = PBXFileReference; lastKnownFileType = file; path = lens1.mp4; sourceTree = "<group>"; };
		C002E4D4199DD85B009CD7FF /* 雅致-安全-bg@2x.png */ = {isa = PBXFileReference; lastKnownFileType = image.png; path = "雅致-安全-bg@2x.png"; sourceTree = "<group>"; };
		C002E4D6199DD85B009CD7FF /* 雅致-安全-文字1@2x.png */ = {isa = PBXFileReference; lastKnownFileType = image.png; path = "雅致-安全-文字1@2x.png"; sourceTree = "<group>"; };
		C002E4D7199DD85B009CD7FF /* 雅致-安全-文字2@2x.png */ = {isa = PBXFileReference; lastKnownFileType = image.png; path = "雅致-安全-文字2@2x.png"; sourceTree = "<group>"; };
		C002E4D8199DD85B009CD7FF /* 雅致-安全-玻璃1@2x.png */ = {isa = PBXFileReference; lastKnownFileType = image.png; path = "雅致-安全-玻璃1@2x.png"; sourceTree = "<group>"; };
		C002E4D9199DD85B009CD7FF /* 雅致-安全-玻璃2@2x.png */ = {isa = PBXFileReference; lastKnownFileType = image.png; path = "雅致-安全-玻璃2@2x.png"; sourceTree = "<group>"; };
		C002E4DA199DD85B009CD7FF /* 雅致-安全-视频1@2x.png */ = {isa = PBXFileReference; lastKnownFileType = image.png; path = "雅致-安全-视频1@2x.png"; sourceTree = "<group>"; };
		C002E4DC199DD85B009CD7FF /* 雅致-扉页-bg00@2x.png */ = {isa = PBXFileReference; lastKnownFileType = image.png; path = "雅致-扉页-bg00@2x.png"; sourceTree = "<group>"; };
		C002E4DD199DD85B009CD7FF /* 雅致-扉页-bg01@2x.png */ = {isa = PBXFileReference; lastKnownFileType = image.png; path = "雅致-扉页-bg01@2x.png"; sourceTree = "<group>"; };
		C002E4DE199DD85B009CD7FF /* 雅致-扉页-bg02@2x.png */ = {isa = PBXFileReference; lastKnownFileType = image.png; path = "雅致-扉页-bg02@2x.png"; sourceTree = "<group>"; };
		C002E4DF199DD85B009CD7FF /* 雅致-扉页-bg03@2x.png */ = {isa = PBXFileReference; lastKnownFileType = image.png; path = "雅致-扉页-bg03@2x.png"; sourceTree = "<group>"; };
		C002E4E1199DD85B009CD7FF /* 按钮-bejoy@2x.png */ = {isa = PBXFileReference; lastKnownFileType = image.png; path = "按钮-bejoy@2x.png"; sourceTree = "<group>"; };
		C002E4E2199DD85B009CD7FF /* 按钮-五金@2x.png */ = {isa = PBXFileReference; lastKnownFileType = image.png; path = "按钮-五金@2x.png"; sourceTree = "<group>"; };
		C002E4E3199DD85B009CD7FF /* 按钮-产品@2x.png */ = {isa = PBXFileReference; lastKnownFileType = image.png; path = "按钮-产品@2x.png"; sourceTree = "<group>"; };
		C002E4E4199DD85B009CD7FF /* 按钮-价格@2x.png */ = {isa = PBXFileReference; lastKnownFileType = image.png; path = "按钮-价格@2x.png"; sourceTree = "<group>"; };
		C002E4E5199DD85B009CD7FF /* 按钮-历史@2x.png */ = {isa = PBXFileReference; lastKnownFileType = image.png; path = "按钮-历史@2x.png"; sourceTree = "<group>"; };
		C002E4E6199DD85B009CD7FF /* 按钮-安全@2x.png */ = {isa = PBXFileReference; lastKnownFileType = image.png; path = "按钮-安全@2x.png"; sourceTree = "<group>"; };
		C002E4E7199DD85B009CD7FF /* 雅致-首页-bg01@2x.png */ = {isa = PBXFileReference; lastKnownFileType = image.png; path = "雅致-首页-bg01@2x.png"; sourceTree = "<group>"; };
		C002E4E8199DD85B009CD7FF /* 雅致-首页-bg02@2x.png */ = {isa = PBXFileReference; lastKnownFileType = image.png; path = "雅致-首页-bg02@2x.png"; sourceTree = "<group>"; };
		C002E4E9199DD85B009CD7FF /* 雅致-首页-bg03@2x.png */ = {isa = PBXFileReference; lastKnownFileType = image.png; path = "雅致-首页-bg03@2x.png"; sourceTree = "<group>"; };
		C002E4EA199DD85B009CD7FF /* 雅致-首页-bg04@2x.png */ = {isa = PBXFileReference; lastKnownFileType = image.png; path = "雅致-首页-bg04@2x.png"; sourceTree = "<group>"; };
		C002E4EB199DD85B009CD7FF /* 雅致-首页-bg05@2x.png */ = {isa = PBXFileReference; lastKnownFileType = image.png; path = "雅致-首页-bg05@2x.png"; sourceTree = "<group>"; };
		C002E4ED199DD85B009CD7FF /* 雅致-首页导航条-bg@2x.png */ = {isa = PBXFileReference; lastKnownFileType = image.png; path = "雅致-首页导航条-bg@2x.png"; sourceTree = "<group>"; };
		C002F108199DE0E1009CD7FF /* LSViewController.h */ = {isa = PBXFileReference; fileEncoding = 4; lastKnownFileType = sourcecode.c.h; path = LSViewController.h; sourceTree = "<group>"; };
		C002F109199DE0E1009CD7FF /* LSViewController.m */ = {isa = PBXFileReference; fileEncoding = 4; lastKnownFileType = sourcecode.c.objc; path = LSViewController.m; sourceTree = "<group>"; };
		C002F10B199DE0F7009CD7FF /* AllBaseViewController.h */ = {isa = PBXFileReference; fileEncoding = 4; lastKnownFileType = sourcecode.c.h; path = AllBaseViewController.h; sourceTree = "<group>"; };
		C002F10C199DE0F7009CD7FF /* AllBaseViewController.m */ = {isa = PBXFileReference; fileEncoding = 4; lastKnownFileType = sourcecode.c.objc; path = AllBaseViewController.m; sourceTree = "<group>"; };
		C002F10E199DE107009CD7FF /* TransitionVerticalAnimationView.h */ = {isa = PBXFileReference; fileEncoding = 4; lastKnownFileType = sourcecode.c.h; path = TransitionVerticalAnimationView.h; sourceTree = "<group>"; };
		C002F10F199DE107009CD7FF /* TransitionVerticalAnimationView.m */ = {isa = PBXFileReference; fileEncoding = 4; lastKnownFileType = sourcecode.c.objc; path = TransitionVerticalAnimationView.m; sourceTree = "<group>"; };
		C002F110199DE107009CD7FF /* TransitionHorizontalAnimationView.h */ = {isa = PBXFileReference; fileEncoding = 4; lastKnownFileType = sourcecode.c.h; path = TransitionHorizontalAnimationView.h; sourceTree = "<group>"; };
		C002F111199DE107009CD7FF /* TransitionHorizontalAnimationView.m */ = {isa = PBXFileReference; fileEncoding = 4; lastKnownFileType = sourcecode.c.objc; path = TransitionHorizontalAnimationView.m; sourceTree = "<group>"; };
		C002F115199DE122009CD7FF /* HUTransitionAnimator.h */ = {isa = PBXFileReference; fileEncoding = 4; lastKnownFileType = sourcecode.c.h; path = HUTransitionAnimator.h; sourceTree = "<group>"; };
		C002F116199DE122009CD7FF /* HUTransitionAnimator.m */ = {isa = PBXFileReference; fileEncoding = 4; lastKnownFileType = sourcecode.c.objc; path = HUTransitionAnimator.m; sourceTree = "<group>"; };
		C002F117199DE122009CD7FF /* HUTransitionGhostAnimator.h */ = {isa = PBXFileReference; fileEncoding = 4; lastKnownFileType = sourcecode.c.h; path = HUTransitionGhostAnimator.h; sourceTree = "<group>"; };
		C002F118199DE122009CD7FF /* HUTransitionGhostAnimator.m */ = {isa = PBXFileReference; fileEncoding = 4; lastKnownFileType = sourcecode.c.objc; path = HUTransitionGhostAnimator.m; sourceTree = "<group>"; };
		C002F119199DE122009CD7FF /* HUTransitionHorizontalLinesAnimator.h */ = {isa = PBXFileReference; fileEncoding = 4; lastKnownFileType = sourcecode.c.h; path = HUTransitionHorizontalLinesAnimator.h; sourceTree = "<group>"; };
		C002F11A199DE122009CD7FF /* HUTransitionHorizontalLinesAnimator.m */ = {isa = PBXFileReference; fileEncoding = 4; lastKnownFileType = sourcecode.c.objc; path = HUTransitionHorizontalLinesAnimator.m; sourceTree = "<group>"; };
		C002F11B199DE122009CD7FF /* HUTransitionVerticalLinesAnimator.h */ = {isa = PBXFileReference; fileEncoding = 4; lastKnownFileType = sourcecode.c.h; path = HUTransitionVerticalLinesAnimator.h; sourceTree = "<group>"; };
		C002F11C199DE122009CD7FF /* HUTransitionVerticalLinesAnimator.m */ = {isa = PBXFileReference; fileEncoding = 4; lastKnownFileType = sourcecode.c.objc; path = HUTransitionVerticalLinesAnimator.m; sourceTree = "<group>"; };
		C002F121199DE142009CD7FF /* Unit.h */ = {isa = PBXFileReference; fileEncoding = 4; lastKnownFileType = sourcecode.c.h; path = Unit.h; sourceTree = "<group>"; };
		C002F122199DE192009CD7FF /* Button.h */ = {isa = PBXFileReference; fileEncoding = 4; lastKnownFileType = sourcecode.c.h; path = Button.h; sourceTree = "<group>"; };
		C002F123199DE192009CD7FF /* Button.m */ = {isa = PBXFileReference; fileEncoding = 4; lastKnownFileType = sourcecode.c.objc; path = Button.m; sourceTree = "<group>"; };
		C002F125199DE1C6009CD7FF /* ImageView.h */ = {isa = PBXFileReference; fileEncoding = 4; lastKnownFileType = sourcecode.c.h; path = ImageView.h; sourceTree = "<group>"; };
		C002F126199DE1C6009CD7FF /* ImageView.m */ = {isa = PBXFileReference; fileEncoding = 4; lastKnownFileType = sourcecode.c.objc; path = ImageView.m; sourceTree = "<group>"; };
		C002F128199DE239009CD7FF /* CoreMotion.framework */ = {isa = PBXFileReference; lastKnownFileType = wrapper.framework; name = CoreMotion.framework; path = System/Library/Frameworks/CoreMotion.framework; sourceTree = SDKROOT; };
		C0619F2819A1E228007F7247 /* Image.h */ = {isa = PBXFileReference; fileEncoding = 4; lastKnownFileType = sourcecode.c.h; path = Image.h; sourceTree = "<group>"; };
		C0619F2919A1E228007F7247 /* Image.m */ = {isa = PBXFileReference; fileEncoding = 4; lastKnownFileType = sourcecode.c.objc; path = Image.m; sourceTree = "<group>"; };
/* End PBXFileReference section */

/* Begin PBXFrameworksBuildPhase section */
		C002D858199DD81E009CD7FF /* Frameworks */ = {
			isa = PBXFrameworksBuildPhase;
			buildActionMask = 2147483647;
			files = (
				C002F129199DE239009CD7FF /* CoreMotion.framework in Frameworks */,
				C002D861199DD81E009CD7FF /* CoreGraphics.framework in Frameworks */,
				C002D863199DD81E009CD7FF /* UIKit.framework in Frameworks */,
				C002D85F199DD81E009CD7FF /* Foundation.framework in Frameworks */,
			);
			runOnlyForDeploymentPostprocessing = 0;
		};
		C002D879199DD81E009CD7FF /* Frameworks */ = {
			isa = PBXFrameworksBuildPhase;
			buildActionMask = 2147483647;
			files = (
				C002D87E199DD81E009CD7FF /* XCTest.framework in Frameworks */,
				C002D880199DD81E009CD7FF /* UIKit.framework in Frameworks */,
				C002D87F199DD81E009CD7FF /* Foundation.framework in Frameworks */,
			);
			runOnlyForDeploymentPostprocessing = 0;
		};
/* End PBXFrameworksBuildPhase section */

/* Begin PBXGroup section */
		C00208D8199DEA81009CD7FF /* AD */ = {
			isa = PBXGroup;
			children = (
				C00208D9199DEA81009CD7FF /* AD-bejoy-0@2x.png */,
				C00208DA199DEA81009CD7FF /* AD-bejoy-1@2x.png */,
			);
			path = AD;
			sourceTree = "<group>";
		};
		C002D852199DD81E009CD7FF = {
			isa = PBXGroup;
			children = (
				C002D864199DD81E009CD7FF /* LangSiYaZhi */,
				C002D8B0199DD852009CD7FF /* 切图 */,
				C002D883199DD81E009CD7FF /* LangSiYaZhiTests */,
				C002D85D199DD81E009CD7FF /* Frameworks */,
				C002D85C199DD81E009CD7FF /* Products */,
			);
			sourceTree = "<group>";
		};
		C002D85C199DD81E009CD7FF /* Products */ = {
			isa = PBXGroup;
			children = (
				C002D85B199DD81E009CD7FF /* LangSiYaZhi.app */,
				C002D87C199DD81E009CD7FF /* LangSiYaZhiTests.xctest */,
			);
			name = Products;
			sourceTree = "<group>";
		};
		C002D85D199DD81E009CD7FF /* Frameworks */ = {
			isa = PBXGroup;
			children = (
				C002F128199DE239009CD7FF /* CoreMotion.framework */,
				C002D85E199DD81E009CD7FF /* Foundation.framework */,
				C002D860199DD81E009CD7FF /* CoreGraphics.framework */,
				C002D862199DD81E009CD7FF /* UIKit.framework */,
				C002D87D199DD81E009CD7FF /* XCTest.framework */,
			);
			name = Frameworks;
			sourceTree = "<group>";
		};
		C002D864199DD81E009CD7FF /* LangSiYaZhi */ = {
			isa = PBXGroup;
			children = (
				C002F12A199DE28D009CD7FF /* Unit */,
				C002F12B199DE295009CD7FF /* View */,
				C002D86D199DD81E009CD7FF /* ZHAppDelegate.h */,
				C002D86E199DD81E009CD7FF /* ZHAppDelegate.m */,
				C002D870199DD81E009CD7FF /* Main.storyboard */,
				C002D873199DD81E009CD7FF /* ZHViewController.h */,
				C002D874199DD81E009CD7FF /* ZHViewController.m */,
				C002F12D199DE2BE009CD7FF /* ViewController */,
				C002D876199DD81E009CD7FF /* Images.xcassets */,
				C002D865199DD81E009CD7FF /* Supporting Files */,
			);
			path = LangSiYaZhi;
			sourceTree = "<group>";
		};
		C002D865199DD81E009CD7FF /* Supporting Files */ = {
			isa = PBXGroup;
			children = (
				C00208D8199DEA81009CD7FF /* AD */,
				C002D866199DD81E009CD7FF /* LangSiYaZhi-Info.plist */,
				C002D867199DD81E009CD7FF /* InfoPlist.strings */,
				C002D86A199DD81E009CD7FF /* main.m */,
				C002D86C199DD81E009CD7FF /* LangSiYaZhi-Prefix.pch */,
			);
			name = "Supporting Files";
			sourceTree = "<group>";
		};
		C002D883199DD81E009CD7FF /* LangSiYaZhiTests */ = {
			isa = PBXGroup;
			children = (
				C002D889199DD81E009CD7FF /* LangSiYaZhiTests.m */,
				C002D884199DD81E009CD7FF /* Supporting Files */,
			);
			path = LangSiYaZhiTests;
			sourceTree = "<group>";
		};
		C002D884199DD81E009CD7FF /* Supporting Files */ = {
			isa = PBXGroup;
			children = (
				C002D885199DD81E009CD7FF /* LangSiYaZhiTests-Info.plist */,
				C002D886199DD81E009CD7FF /* InfoPlist.strings */,
			);
			name = "Supporting Files";
			sourceTree = "<group>";
		};
		C002D8B0199DD852009CD7FF /* 切图 */ = {
			isa = PBXGroup;
			children = (
				C002D8B1199DD852009CD7FF /* 五金 */,
				C002E496199DD85B009CD7FF /* 产品 */,
				C002E4BB199DD85B009CD7FF /* 型号 */,
				C002E4D2199DD85B009CD7FF /* 安全-视频 */,
				C002E4DB199DD85B009CD7FF /* 扉页 */,
				C002E4E0199DD85B009CD7FF /* 首页 */,
			);
			path = "切图";
			sourceTree = "<group>";
		};
		C002D8B1199DD852009CD7FF /* 五金 */ = {
			isa = PBXGroup;
			children = (
				C002D8B2199DD852009CD7FF /* lens五金预览-背景-180度左外开合页@2x.png */,
				C002D8B3199DD852009CD7FF /* lens五金预览-背景-90固定码@2x.png */,
				C002D8B4199DD852009CD7FF /* lens五金预览-背景-把手@2x.png */,
				C002D8B5199DD852009CD7FF /* 指针-箭头@2x.png */,
				C002D8B6199DD852009CD7FF /* 雅致-五金-1@2x.png */,
				C002D8B7199DD852009CD7FF /* 雅致-五金-2@2x.png */,
				C002D8B8199DD852009CD7FF /* 雅致-五金-3@2x.png */,
			);
			path = "五金";
			sourceTree = "<group>";
		};
		C002E496199DD85B009CD7FF /* 产品 */ = {
			isa = PBXGroup;
			children = (
				C002E497199DD85B009CD7FF /* 1 */,
				C002E49B199DD85B009CD7FF /* 10 */,
				C002E49D199DD85B009CD7FF /* 2 */,
				C002E4A1199DD85B009CD7FF /* 3 */,
				C002E4A6199DD85B009CD7FF /* 4 */,
				C002E4A8199DD85B009CD7FF /* 5 */,
				C002E4AD199DD85B009CD7FF /* 6 */,
				C002E4B0199DD85B009CD7FF /* 7 */,
				C002E4B3199DD85B009CD7FF /* 8 */,
				C002E4B6199DD85B009CD7FF /* 9 */,
				C002E4B9199DD85B009CD7FF /* 雅致-产品-辅助信息@2x.png */,
				C002E4BA199DD85B009CD7FF /* 雅致-产品-返回@2x.png */,
			);
			path = "产品";
			sourceTree = "<group>";
		};
		C002E497199DD85B009CD7FF /* 1 */ = {
			isa = PBXGroup;
			children = (
				C002E498199DD85B009CD7FF /* 雅致-产品1-图片1@2x.png */,
				C002E499199DD85B009CD7FF /* 雅致-产品1-图片2@2x.png */,
				C002E49A199DD85B009CD7FF /* 雅致-产品1-文字1@2x.png */,
			);
			path = 1;
			sourceTree = "<group>";
		};
		C002E49B199DD85B009CD7FF /* 10 */ = {
			isa = PBXGroup;
			children = (
				C002E49C199DD85B009CD7FF /* 雅致-产品10-图片1@2x.png */,
			);
			path = 10;
			sourceTree = "<group>";
		};
		C002E49D199DD85B009CD7FF /* 2 */ = {
			isa = PBXGroup;
			children = (
				C002E49E199DD85B009CD7FF /* 雅致-产品2-图片1@2x.png */,
				C002E49F199DD85B009CD7FF /* 雅致-产品2-图片2@2x.png */,
				C002E4A0199DD85B009CD7FF /* 雅致-产品2-文字1@2x.png */,
			);
			path = 2;
			sourceTree = "<group>";
		};
		C002E4A1199DD85B009CD7FF /* 3 */ = {
			isa = PBXGroup;
			children = (
				C002E4A2199DD85B009CD7FF /* 雅致-产品3-图片1@2x.png */,
				C002E4A3199DD85B009CD7FF /* 雅致-产品3-图片2@2x.png */,
				C002E4A4199DD85B009CD7FF /* 雅致-产品3-图片3@2x.png */,
				C002E4A5199DD85B009CD7FF /* 雅致-产品3-文字1@2x.png */,
			);
			path = 3;
			sourceTree = "<group>";
		};
		C002E4A6199DD85B009CD7FF /* 4 */ = {
			isa = PBXGroup;
			children = (
				C002E4A7199DD85B009CD7FF /* 雅致-产品4-图片1@2x.png */,
			);
			path = 4;
			sourceTree = "<group>";
		};
		C002E4A8199DD85B009CD7FF /* 5 */ = {
			isa = PBXGroup;
			children = (
				C002E4A9199DD85B009CD7FF /* 雅致-产品5-图片1@2x.png */,
				C002E4AA199DD85B009CD7FF /* 雅致-产品5-图片2@2x.png */,
				C002E4AB199DD85B009CD7FF /* 雅致-产品5-文字1@2x.png */,
				C002E4AC199DD85B009CD7FF /* 雅致-产品5-文字2@2x.png */,
			);
			path = 5;
			sourceTree = "<group>";
		};
		C002E4AD199DD85B009CD7FF /* 6 */ = {
			isa = PBXGroup;
			children = (
				C002E4AE199DD85B009CD7FF /* 雅致-产品6-图片1@2x.png */,
				C002E4AF199DD85B009CD7FF /* 雅致-产品6-文字1@2x.png */,
			);
			path = 6;
			sourceTree = "<group>";
		};
		C002E4B0199DD85B009CD7FF /* 7 */ = {
			isa = PBXGroup;
			children = (
				C002E4B1199DD85B009CD7FF /* 雅致-产品7-图片1@2x.png */,
				C002E4B2199DD85B009CD7FF /* 雅致-产品7-文字1@2x.png */,
			);
			path = 7;
			sourceTree = "<group>";
		};
		C002E4B3199DD85B009CD7FF /* 8 */ = {
			isa = PBXGroup;
			children = (
				C002E4B4199DD85B009CD7FF /* 雅致-产品8-图片1@2x.png */,
				C002E4B5199DD85B009CD7FF /* 雅致-产品8-文字1@2x.png */,
			);
			path = 8;
			sourceTree = "<group>";
		};
		C002E4B6199DD85B009CD7FF /* 9 */ = {
			isa = PBXGroup;
			children = (
				C002E4B7199DD85B009CD7FF /* 雅致-产品9-图片1@2x.png */,
				C002E4B8199DD85B009CD7FF /* 雅致-产品9-文字1@2x.png */,
			);
			path = 9;
			sourceTree = "<group>";
		};
		C002E4BB199DD85B009CD7FF /* 型号 */ = {
			isa = PBXGroup;
			children = (
				C002E4BC199DD85B009CD7FF /* 按钮-型号-A31@2x.png */,
				C002E4BD199DD85B009CD7FF /* 按钮-型号-B31@2x.png */,
				C002E4BE199DD85B009CD7FF /* 按钮-型号-C21@2x.png */,
				C002E4BF199DD85B009CD7FF /* 按钮-型号-D42@2x.png */,
				C002E4C0199DD85B009CD7FF /* 按钮-型号-E31@2x.png */,
				C002E4C1199DD85B009CD7FF /* 按钮-型号-P11@2x.png */,
				C002E4C2199DD85B009CD7FF /* 按钮-型号-P21@2x.png */,
				C002E4C3199DD85B009CD7FF /* 按钮-型号-P21Q@2x.png */,
				C002E4C4199DD85B009CD7FF /* 按钮-型号-P31@2x.png */,
				C002E4C5199DD85B009CD7FF /* 按钮-型号-P42@2x.png */,
				C002E4C6199DD85B009CD7FF /* 雅致-型号-A31@2x.png */,
				C002E4C7199DD85B009CD7FF /* 雅致-型号-B31@2x.png */,
				C002E4C8199DD85B009CD7FF /* 雅致-型号-bg@2x.png */,
				C002E4C9199DD85B009CD7FF /* 雅致-型号-C21@2x.png */,
				C002E4CA199DD85B009CD7FF /* 雅致-型号-D42@2x.png */,
				C002E4CB199DD85B009CD7FF /* 雅致-型号-E31@2x.png */,
				C002E4CC199DD85B009CD7FF /* 雅致-型号-P11@2x.png */,
				C002E4CD199DD85B009CD7FF /* 雅致-型号-P21@2x.png */,
				C002E4CE199DD85B009CD7FF /* 雅致-型号-P21Q@2x.png */,
				C002E4CF199DD85B009CD7FF /* 雅致-型号-P31@2x.png */,
				C002E4D0199DD85B009CD7FF /* 雅致-型号-P42@2x.png */,
			);
			path = "型号";
			sourceTree = "<group>";
		};
		C002E4D2199DD85B009CD7FF /* 安全-视频 */ = {
			isa = PBXGroup;
			children = (
				C002E4D3199DD85B009CD7FF /* lens1.mp4 */,
				C002E4D4199DD85B009CD7FF /* 雅致-安全-bg@2x.png */,
				C002E4D6199DD85B009CD7FF /* 雅致-安全-文字1@2x.png */,
				C002E4D7199DD85B009CD7FF /* 雅致-安全-文字2@2x.png */,
				C002E4D8199DD85B009CD7FF /* 雅致-安全-玻璃1@2x.png */,
				C002E4D9199DD85B009CD7FF /* 雅致-安全-玻璃2@2x.png */,
				C002E4DA199DD85B009CD7FF /* 雅致-安全-视频1@2x.png */,
			);
			path = "安全-视频";
			sourceTree = "<group>";
		};
		C002E4DB199DD85B009CD7FF /* 扉页 */ = {
			isa = PBXGroup;
			children = (
				C002E4DC199DD85B009CD7FF /* 雅致-扉页-bg00@2x.png */,
				C002E4DD199DD85B009CD7FF /* 雅致-扉页-bg01@2x.png */,
				C002E4DE199DD85B009CD7FF /* 雅致-扉页-bg02@2x.png */,
				C002E4DF199DD85B009CD7FF /* 雅致-扉页-bg03@2x.png */,
			);
			path = "扉页";
			sourceTree = "<group>";
		};
		C002E4E0199DD85B009CD7FF /* 首页 */ = {
			isa = PBXGroup;
			children = (
				C002E4E1199DD85B009CD7FF /* 按钮-bejoy@2x.png */,
				C002E4E2199DD85B009CD7FF /* 按钮-五金@2x.png */,
				C002E4E3199DD85B009CD7FF /* 按钮-产品@2x.png */,
				C002E4E4199DD85B009CD7FF /* 按钮-价格@2x.png */,
				C002E4E5199DD85B009CD7FF /* 按钮-历史@2x.png */,
				C002E4E6199DD85B009CD7FF /* 按钮-安全@2x.png */,
				C002E4E7199DD85B009CD7FF /* 雅致-首页-bg01@2x.png */,
				C002E4E8199DD85B009CD7FF /* 雅致-首页-bg02@2x.png */,
				C002E4E9199DD85B009CD7FF /* 雅致-首页-bg03@2x.png */,
				C002E4EA199DD85B009CD7FF /* 雅致-首页-bg04@2x.png */,
				C002E4EB199DD85B009CD7FF /* 雅致-首页-bg05@2x.png */,
				C002E4ED199DD85B009CD7FF /* 雅致-首页导航条-bg@2x.png */,
			);
			path = "首页";
			sourceTree = "<group>";
		};
		C002F114199DE122009CD7FF /* HUAnimator */ = {
			isa = PBXGroup;
			children = (
				C002F115199DE122009CD7FF /* HUTransitionAnimator.h */,
				C002F116199DE122009CD7FF /* HUTransitionAnimator.m */,
				C002F117199DE122009CD7FF /* HUTransitionGhostAnimator.h */,
				C002F118199DE122009CD7FF /* HUTransitionGhostAnimator.m */,
				C002F119199DE122009CD7FF /* HUTransitionHorizontalLinesAnimator.h */,
				C002F11A199DE122009CD7FF /* HUTransitionHorizontalLinesAnimator.m */,
				C002F11B199DE122009CD7FF /* HUTransitionVerticalLinesAnimator.h */,
				C002F11C199DE122009CD7FF /* HUTransitionVerticalLinesAnimator.m */,
			);
			path = HUAnimator;
			sourceTree = "<group>";
		};
		C002F12A199DE28D009CD7FF /* Unit */ = {
			isa = PBXGroup;
			children = (
				C002F121199DE142009CD7FF /* Unit.h */,
				C002F114199DE122009CD7FF /* HUAnimator */,
				C002F10E199DE107009CD7FF /* TransitionVerticalAnimationView.h */,
				C002F10F199DE107009CD7FF /* TransitionVerticalAnimationView.m */,
				C00208E1199E1DAC009CD7FF /* CMSCoinView.m */,
				C00208E2199E1DAC009CD7FF /* CMSCoinView.h */,
				C002F110199DE107009CD7FF /* TransitionHorizontalAnimationView.h */,
				C002F111199DE107009CD7FF /* TransitionHorizontalAnimationView.m */,
			);
			name = Unit;
			sourceTree = "<group>";
		};
		C002F12B199DE295009CD7FF /* View */ = {
			isa = PBXGroup;
			children = (
				C00208DE199E10A1009CD7FF /* NineSquaredView.h */,
				C00208DF199E10A1009CD7FF /* NineSquaredView.m */,
				C002F10B199DE0F7009CD7FF /* AllBaseViewController.h */,
				C002F10C199DE0F7009CD7FF /* AllBaseViewController.m */,
				C002F108199DE0E1009CD7FF /* LSViewController.h */,
				C002F109199DE0E1009CD7FF /* LSViewController.m */,
				C002F122199DE192009CD7FF /* Button.h */,
				C002F123199DE192009CD7FF /* Button.m */,
				C0619F2819A1E228007F7247 /* Image.h */,
				C0619F2919A1E228007F7247 /* Image.m */,
				C002F125199DE1C6009CD7FF /* ImageView.h */,
				C002F126199DE1C6009CD7FF /* ImageView.m */,
			);
			name = View;
			sourceTree = "<group>";
		};
		C002F12C199DE29F009CD7FF /* Wujin */ = {
			isa = PBXGroup;
			children = (
				C002D8A2199DD839009CD7FF /* HeYeViewController.h */,
				C002D8A3199DD839009CD7FF /* HeYeViewController.m */,
				C002D8A4199DD839009CD7FF /* BashouViewController.h */,
				C002D8A5199DD839009CD7FF /* BashouViewController.m */,
				C002D8A6199DD839009CD7FF /* GuDingMaViewController.h */,
				C002D8A7199DD839009CD7FF /* GuDingMaViewController.m */,
				C002D8A8199DD839009CD7FF /* ZHWujinViewController.h */,
				C002D8A9199DD839009CD7FF /* ZHWujinViewController.m */,
				C002D8AA199DD839009CD7FF /* ZHWujinViewController.xib */,
			);
			name = Wujin;
			sourceTree = "<group>";
		};
		C002F12D199DE2BE009CD7FF /* ViewController */ = {
			isa = PBXGroup;
			children = (
				C002F12C199DE29F009CD7FF /* Wujin */,
				C002D893199DD830009CD7FF /* LSModelViewController.h */,
				C002D894199DD830009CD7FF /* LSModelViewController.m */,
				C002D895199DD830009CD7FF /* LSModelViewController.xib */,
				C002D896199DD830009CD7FF /* LSMainViewController.h */,
				C002D897199DD830009CD7FF /* LSMainViewController.m */,
				C002D898199DD830009CD7FF /* LSMainViewController.xib */,
				C002D899199DD830009CD7FF /* ZHSecurityViewController.h */,
				C002D89A199DD830009CD7FF /* ZHSecurityViewController.m */,
				C002D89B199DD830009CD7FF /* ZHSecurityViewController.xib */,
				C00208D5199DE9D9009CD7FF /* BejoyViewController.h */,
				C00208D6199DE9D9009CD7FF /* BejoyViewController.m */,
			);
			name = ViewController;
			sourceTree = "<group>";
		};
/* End PBXGroup section */

/* Begin PBXNativeTarget section */
		C002D85A199DD81E009CD7FF /* LangSiYaZhi */ = {
			isa = PBXNativeTarget;
			buildConfigurationList = C002D88D199DD81E009CD7FF /* Build configuration list for PBXNativeTarget "LangSiYaZhi" */;
			buildPhases = (
				C002D857199DD81E009CD7FF /* Sources */,
				C002D858199DD81E009CD7FF /* Frameworks */,
				C002D859199DD81E009CD7FF /* Resources */,
			);
			buildRules = (
			);
			dependencies = (
			);
			name = LangSiYaZhi;
			productName = LangSiYaZhi;
			productReference = C002D85B199DD81E009CD7FF /* LangSiYaZhi.app */;
			productType = "com.apple.product-type.application";
		};
		C002D87B199DD81E009CD7FF /* LangSiYaZhiTests */ = {
			isa = PBXNativeTarget;
			buildConfigurationList = C002D890199DD81E009CD7FF /* Build configuration list for PBXNativeTarget "LangSiYaZhiTests" */;
			buildPhases = (
				C002D878199DD81E009CD7FF /* Sources */,
				C002D879199DD81E009CD7FF /* Frameworks */,
				C002D87A199DD81E009CD7FF /* Resources */,
			);
			buildRules = (
			);
			dependencies = (
				C002D882199DD81E009CD7FF /* PBXTargetDependency */,
			);
			name = LangSiYaZhiTests;
			productName = LangSiYaZhiTests;
			productReference = C002D87C199DD81E009CD7FF /* LangSiYaZhiTests.xctest */;
			productType = "com.apple.product-type.bundle.unit-test";
		};
/* End PBXNativeTarget section */

/* Begin PBXProject section */
		C002D853199DD81E009CD7FF /* Project object */ = {
			isa = PBXProject;
			attributes = {
				CLASSPREFIX = ZH;
				LastUpgradeCheck = 0510;
				ORGANIZATIONNAME = "zeng hui";
				TargetAttributes = {
					C002D87B199DD81E009CD7FF = {
						TestTargetID = C002D85A199DD81E009CD7FF;
					};
				};
			};
			buildConfigurationList = C002D856199DD81E009CD7FF /* Build configuration list for PBXProject "LangSiYaZhi" */;
			compatibilityVersion = "Xcode 3.2";
			developmentRegion = English;
			hasScannedForEncodings = 0;
			knownRegions = (
				en,
				Base,
			);
			mainGroup = C002D852199DD81E009CD7FF;
			productRefGroup = C002D85C199DD81E009CD7FF /* Products */;
			projectDirPath = "";
			projectRoot = "";
			targets = (
				C002D85A199DD81E009CD7FF /* LangSiYaZhi */,
				C002D87B199DD81E009CD7FF /* LangSiYaZhiTests */,
			);
		};
/* End PBXProject section */

/* Begin PBXResourcesBuildPhase section */
		C002D859199DD81E009CD7FF /* Resources */ = {
			isa = PBXResourcesBuildPhase;
			buildActionMask = 2147483647;
			files = (
				C002F0FF199DD85C009CD7FF /* 按钮-历史@2x.png in Resources */,
				C002D8AF199DD839009CD7FF /* ZHWujinViewController.xib in Resources */,
				C002F103199DD85C009CD7FF /* 雅致-首页-bg03@2x.png in Resources */,
				C002F0C3199DD85C009CD7FF /* 雅致-产品2-图片1@2x.png in Resources */,
				C002F107199DD85C009CD7FF /* 雅致-首页导航条-bg@2x.png in Resources */,
				C002F0CD199DD85C009CD7FF /* 雅致-产品5-文字1@2x.png in Resources */,
				C002E4EE199DD85B009CD7FF /* lens五金预览-背景-180度左外开合页@2x.png in Resources */,
				C002F101199DD85C009CD7FF /* 雅致-首页-bg01@2x.png in Resources */,
				C002F0CF199DD85C009CD7FF /* 雅致-产品6-图片1@2x.png in Resources */,
				C002F0FD199DD85C009CD7FF /* 按钮-产品@2x.png in Resources */,
				C002F0FC199DD85C009CD7FF /* 按钮-五金@2x.png in Resources */,
				C002F0F2199DD85C009CD7FF /* 雅致-安全-文字1@2x.png in Resources */,
				C002F0E3199DD85C009CD7FF /* 雅致-型号-A31@2x.png in Resources */,
				C002F0F3199DD85C009CD7FF /* 雅致-安全-文字2@2x.png in Resources */,
				C002F0F4199DD85C009CD7FF /* 雅致-安全-玻璃1@2x.png in Resources */,
				C002F0C1199DD85C009CD7FF /* 雅致-产品1-文字1@2x.png in Resources */,
				C002F0E2199DD85C009CD7FF /* 按钮-型号-P42@2x.png in Resources */,
				C002F0FB199DD85C009CD7FF /* 按钮-bejoy@2x.png in Resources */,
				C002F0D9199DD85C009CD7FF /* 按钮-型号-A31@2x.png in Resources */,
				C002F104199DD85C009CD7FF /* 雅致-首页-bg04@2x.png in Resources */,
				C002F0C4199DD85C009CD7FF /* 雅致-产品2-图片2@2x.png in Resources */,
				C002F0FA199DD85C009CD7FF /* 雅致-扉页-bg03@2x.png in Resources */,
				C002F0C7199DD85C009CD7FF /* 雅致-产品3-图片2@2x.png in Resources */,
				C002F0D7199DD85C009CD7FF /* 雅致-产品-辅助信息@2x.png in Resources */,
				C002D877199DD81E009CD7FF /* Images.xcassets in Resources */,
				C002F0D3199DD85C009CD7FF /* 雅致-产品8-图片1@2x.png in Resources */,
				C002F0DC199DD85C009CD7FF /* 按钮-型号-D42@2x.png in Resources */,
				C002F0CC199DD85C009CD7FF /* 雅致-产品5-图片2@2x.png in Resources */,
				C002F0D5199DD85C009CD7FF /* 雅致-产品9-图片1@2x.png in Resources */,
				C002F0F9199DD85C009CD7FF /* 雅致-扉页-bg02@2x.png in Resources */,
				C002F0F6199DD85C009CD7FF /* 雅致-安全-视频1@2x.png in Resources */,
				C002D89D199DD831009CD7FF /* LSModelViewController.xib in Resources */,
				C002E4F2199DD85B009CD7FF /* 雅致-五金-1@2x.png in Resources */,
				C002F0C2199DD85C009CD7FF /* 雅致-产品10-图片1@2x.png in Resources */,
				C002F0C0199DD85C009CD7FF /* 雅致-产品1-图片2@2x.png in Resources */,
				C002F0CE199DD85C009CD7FF /* 雅致-产品5-文字2@2x.png in Resources */,
				C002F0C8199DD85C009CD7FF /* 雅致-产品3-图片3@2x.png in Resources */,
				C002D8A1199DD831009CD7FF /* ZHSecurityViewController.xib in Resources */,
				C002F0D0199DD85C009CD7FF /* 雅致-产品6-文字1@2x.png in Resources */,
				C002E4F4199DD85B009CD7FF /* 雅致-五金-3@2x.png in Resources */,
				C002F0EC199DD85C009CD7FF /* 雅致-型号-P31@2x.png in Resources */,
				C002F0D1199DD85C009CD7FF /* 雅致-产品7-图片1@2x.png in Resources */,
				C002F0D2199DD85C009CD7FF /* 雅致-产品7-文字1@2x.png in Resources */,
				C002D869199DD81E009CD7FF /* InfoPlist.strings in Resources */,
				C002F0E4199DD85C009CD7FF /* 雅致-型号-B31@2x.png in Resources */,
				C002F0CB199DD85C009CD7FF /* 雅致-产品5-图片1@2x.png in Resources */,
				C002D872199DD81E009CD7FF /* Main.storyboard in Resources */,
				C002F0E0199DD85C009CD7FF /* 按钮-型号-P21Q@2x.png in Resources */,
				C002F0E8199DD85C009CD7FF /* 雅致-型号-E31@2x.png in Resources */,
				C002F0DE199DD85C009CD7FF /* 按钮-型号-P11@2x.png in Resources */,
				C002F0E5199DD85C009CD7FF /* 雅致-型号-bg@2x.png in Resources */,
				C002F0D4199DD85C009CD7FF /* 雅致-产品8-文字1@2x.png in Resources */,
				C002F0E6199DD85C009CD7FF /* 雅致-型号-C21@2x.png in Resources */,
				C002F0D6199DD85C009CD7FF /* 雅致-产品9-文字1@2x.png in Resources */,
				C00208DB199DEA81009CD7FF /* AD-bejoy-0@2x.png in Resources */,
				C002F0F5199DD85C009CD7FF /* 雅致-安全-玻璃2@2x.png in Resources */,
				C002F0E1199DD85C009CD7FF /* 按钮-型号-P31@2x.png in Resources */,
				C002F0DA199DD85C009CD7FF /* 按钮-型号-B31@2x.png in Resources */,
				C00208DC199DEA81009CD7FF /* AD-bejoy-1@2x.png in Resources */,
				C002F0C6199DD85C009CD7FF /* 雅致-产品3-图片1@2x.png in Resources */,
				C002F0ED199DD85C009CD7FF /* 雅致-型号-P42@2x.png in Resources */,
				C002F105199DD85C009CD7FF /* 雅致-首页-bg05@2x.png in Resources */,
				C002F0FE199DD85C009CD7FF /* 按钮-价格@2x.png in Resources */,
				C002F0C5199DD85C009CD7FF /* 雅致-产品2-文字1@2x.png in Resources */,
				C002F0E9199DD85C009CD7FF /* 雅致-型号-P11@2x.png in Resources */,
				C002F0E7199DD85C009CD7FF /* 雅致-型号-D42@2x.png in Resources */,
				C002F0F7199DD85C009CD7FF /* 雅致-扉页-bg00@2x.png in Resources */,
				C002E4F0199DD85B009CD7FF /* lens五金预览-背景-把手@2x.png in Resources */,
				C002F102199DD85C009CD7FF /* 雅致-首页-bg02@2x.png in Resources */,
				C002F0DF199DD85C009CD7FF /* 按钮-型号-P21@2x.png in Resources */,
				C002E4EF199DD85B009CD7FF /* lens五金预览-背景-90固定码@2x.png in Resources */,
				C002F0D8199DD85C009CD7FF /* 雅致-产品-返回@2x.png in Resources */,
				C002F0F8199DD85C009CD7FF /* 雅致-扉页-bg01@2x.png in Resources */,
				C002F0BF199DD85C009CD7FF /* 雅致-产品1-图片1@2x.png in Resources */,
				C002E4F3199DD85B009CD7FF /* 雅致-五金-2@2x.png in Resources */,
				C002D89F199DD831009CD7FF /* LSMainViewController.xib in Resources */,
				C002F0EA199DD85C009CD7FF /* 雅致-型号-P21@2x.png in Resources */,
				C002E4F1199DD85B009CD7FF /* 指针-箭头@2x.png in Resources */,
				C002F0F0199DD85C009CD7FF /* 雅致-安全-bg@2x.png in Resources */,
				C002F100199DD85C009CD7FF /* 按钮-安全@2x.png in Resources */,
				C002F0C9199DD85C009CD7FF /* 雅致-产品3-文字1@2x.png in Resources */,
				C002F0DB199DD85C009CD7FF /* 按钮-型号-C21@2x.png in Resources */,
				C002F0EB199DD85C009CD7FF /* 雅致-型号-P21Q@2x.png in Resources */,
				C002F0CA199DD85C009CD7FF /* 雅致-产品4-图片1@2x.png in Resources */,
				C002F0DD199DD85C009CD7FF /* 按钮-型号-E31@2x.png in Resources */,
			);
			runOnlyForDeploymentPostprocessing = 0;
		};
		C002D87A199DD81E009CD7FF /* Resources */ = {
			isa = PBXResourcesBuildPhase;
			buildActionMask = 2147483647;
			files = (
				C002D888199DD81E009CD7FF /* InfoPlist.strings in Resources */,
			);
			runOnlyForDeploymentPostprocessing = 0;
		};
/* End PBXResourcesBuildPhase section */

/* Begin PBXSourcesBuildPhase section */
		C002D857199DD81E009CD7FF /* Sources */ = {
			isa = PBXSourcesBuildPhase;
			buildActionMask = 2147483647;
			files = (
				C002D8AB199DD839009CD7FF /* HeYeViewController.m in Sources */,
				C00208E3199E1DAC009CD7FF /* CMSCoinView.m in Sources */,
				C002F10D199DE0F7009CD7FF /* AllBaseViewController.m in Sources */,
				C002F124199DE192009CD7FF /* Button.m in Sources */,
				C002F112199DE107009CD7FF /* TransitionVerticalAnimationView.m in Sources */,
				C002D875199DD81E009CD7FF /* ZHViewController.m in Sources */,
				C002F120199DE123009CD7FF /* HUTransitionVerticalLinesAnimator.m in Sources */,
				C002F113199DE107009CD7FF /* TransitionHorizontalAnimationView.m in Sources */,
				C002D8AC199DD839009CD7FF /* BashouViewController.m in Sources */,
				C002F11F199DE123009CD7FF /* HUTransitionHorizontalLinesAnimator.m in Sources */,
				C002D89E199DD831009CD7FF /* LSMainViewController.m in Sources */,
				C002D8AE199DD839009CD7FF /* ZHWujinViewController.m in Sources */,
				C002F10A199DE0E1009CD7FF /* LSViewController.m in Sources */,
				C002D8A0199DD831009CD7FF /* ZHSecurityViewController.m in Sources */,
				C002D89C199DD831009CD7FF /* LSModelViewController.m in Sources */,
				C00208E0199E10A1009CD7FF /* NineSquaredView.m in Sources */,
				C002D86F199DD81E009CD7FF /* ZHAppDelegate.m in Sources */,
				C002F11D199DE122009CD7FF /* HUTransitionAnimator.m in Sources */,
				C002F127199DE1C6009CD7FF /* ImageView.m in Sources */,
				C002D86B199DD81E009CD7FF /* main.m in Sources */,
				C00208D7199DE9D9009CD7FF /* BejoyViewController.m in Sources */,
				C0619F2A19A1E228007F7247 /* Image.m in Sources */,
				C002F11E199DE123009CD7FF /* HUTransitionGhostAnimator.m in Sources */,
				C002D8AD199DD839009CD7FF /* GuDingMaViewController.m in Sources */,
			);
			runOnlyForDeploymentPostprocessing = 0;
		};
		C002D878199DD81E009CD7FF /* Sources */ = {
			isa = PBXSourcesBuildPhase;
			buildActionMask = 2147483647;
			files = (
				C002D88A199DD81E009CD7FF /* LangSiYaZhiTests.m in Sources */,
			);
			runOnlyForDeploymentPostprocessing = 0;
		};
/* End PBXSourcesBuildPhase section */

/* Begin PBXTargetDependency section */
		C002D882199DD81E009CD7FF /* PBXTargetDependency */ = {
			isa = PBXTargetDependency;
			target = C002D85A199DD81E009CD7FF /* LangSiYaZhi */;
			targetProxy = C002D881199DD81E009CD7FF /* PBXContainerItemProxy */;
		};
/* End PBXTargetDependency section */

/* Begin PBXVariantGroup section */
		C002D867199DD81E009CD7FF /* InfoPlist.strings */ = {
			isa = PBXVariantGroup;
			children = (
				C002D868199DD81E009CD7FF /* en */,
			);
			name = InfoPlist.strings;
			sourceTree = "<group>";
		};
		C002D870199DD81E009CD7FF /* Main.storyboard */ = {
			isa = PBXVariantGroup;
			children = (
				C002D871199DD81E009CD7FF /* Base */,
			);
			name = Main.storyboard;
			sourceTree = "<group>";
		};
		C002D886199DD81E009CD7FF /* InfoPlist.strings */ = {
			isa = PBXVariantGroup;
			children = (
				C002D887199DD81E009CD7FF /* en */,
			);
			name = InfoPlist.strings;
			sourceTree = "<group>";
		};
/* End PBXVariantGroup section */

/* Begin XCBuildConfiguration section */
		C002D88B199DD81E009CD7FF /* Debug */ = {
			isa = XCBuildConfiguration;
			buildSettings = {
				ALWAYS_SEARCH_USER_PATHS = NO;
				CLANG_CXX_LANGUAGE_STANDARD = "gnu++0x";
				CLANG_CXX_LIBRARY = "libc++";
				CLANG_ENABLE_MODULES = YES;
				CLANG_ENABLE_OBJC_ARC = YES;
				CLANG_WARN_BOOL_CONVERSION = YES;
				CLANG_WARN_CONSTANT_CONVERSION = YES;
				CLANG_WARN_DIRECT_OBJC_ISA_USAGE = YES_ERROR;
				CLANG_WARN_EMPTY_BODY = YES;
				CLANG_WARN_ENUM_CONVERSION = YES;
				CLANG_WARN_INT_CONVERSION = YES;
				CLANG_WARN_OBJC_ROOT_CLASS = YES_ERROR;
				CLANG_WARN__DUPLICATE_METHOD_MATCH = YES;
				"CODE_SIGN_IDENTITY[sdk=iphoneos*]" = "iPhone Developer";
				COPY_PHASE_STRIP = NO;
				GCC_C_LANGUAGE_STANDARD = gnu99;
				GCC_DYNAMIC_NO_PIC = NO;
				GCC_OPTIMIZATION_LEVEL = 0;
				GCC_PREPROCESSOR_DEFINITIONS = (
					"DEBUG=1",
					"$(inherited)",
				);
				GCC_SYMBOLS_PRIVATE_EXTERN = NO;
				GCC_WARN_64_TO_32_BIT_CONVERSION = YES;
				GCC_WARN_ABOUT_RETURN_TYPE = YES_ERROR;
				GCC_WARN_UNDECLARED_SELECTOR = YES;
				GCC_WARN_UNINITIALIZED_AUTOS = YES_AGGRESSIVE;
				GCC_WARN_UNUSED_FUNCTION = YES;
				GCC_WARN_UNUSED_VARIABLE = YES;
				IPHONEOS_DEPLOYMENT_TARGET = 7.1;
				ONLY_ACTIVE_ARCH = YES;
				SDKROOT = iphoneos;
				TARGETED_DEVICE_FAMILY = 2;
			};
			name = Debug;
		};
		C002D88C199DD81E009CD7FF /* Release */ = {
			isa = XCBuildConfiguration;
			buildSettings = {
				ALWAYS_SEARCH_USER_PATHS = NO;
				CLANG_CXX_LANGUAGE_STANDARD = "gnu++0x";
				CLANG_CXX_LIBRARY = "libc++";
				CLANG_ENABLE_MODULES = YES;
				CLANG_ENABLE_OBJC_ARC = YES;
				CLANG_WARN_BOOL_CONVERSION = YES;
				CLANG_WARN_CONSTANT_CONVERSION = YES;
				CLANG_WARN_DIRECT_OBJC_ISA_USAGE = YES_ERROR;
				CLANG_WARN_EMPTY_BODY = YES;
				CLANG_WARN_ENUM_CONVERSION = YES;
				CLANG_WARN_INT_CONVERSION = YES;
				CLANG_WARN_OBJC_ROOT_CLASS = YES_ERROR;
				CLANG_WARN__DUPLICATE_METHOD_MATCH = YES;
				"CODE_SIGN_IDENTITY[sdk=iphoneos*]" = "iPhone Developer";
				COPY_PHASE_STRIP = YES;
				ENABLE_NS_ASSERTIONS = NO;
				GCC_C_LANGUAGE_STANDARD = gnu99;
				GCC_WARN_64_TO_32_BIT_CONVERSION = YES;
				GCC_WARN_ABOUT_RETURN_TYPE = YES_ERROR;
				GCC_WARN_UNDECLARED_SELECTOR = YES;
				GCC_WARN_UNINITIALIZED_AUTOS = YES_AGGRESSIVE;
				GCC_WARN_UNUSED_FUNCTION = YES;
				GCC_WARN_UNUSED_VARIABLE = YES;
				IPHONEOS_DEPLOYMENT_TARGET = 7.1;
				SDKROOT = iphoneos;
				TARGETED_DEVICE_FAMILY = 2;
				VALIDATE_PRODUCT = YES;
			};
			name = Release;
		};
		C002D88E199DD81E009CD7FF /* Debug */ = {
			isa = XCBuildConfiguration;
			buildSettings = {
				ASSETCATALOG_COMPILER_APPICON_NAME = AppIcon;
				ASSETCATALOG_COMPILER_LAUNCHIMAGE_NAME = LaunchImage;
				GCC_PRECOMPILE_PREFIX_HEADER = YES;
				GCC_PREFIX_HEADER = "LangSiYaZhi/LangSiYaZhi-Prefix.pch";
				INFOPLIST_FILE = "LangSiYaZhi/LangSiYaZhi-Info.plist";
				IPHONEOS_DEPLOYMENT_TARGET = 7.0;
				PRODUCT_NAME = "$(TARGET_NAME)";
				WRAPPER_EXTENSION = app;
			};
			name = Debug;
		};
		C002D88F199DD81E009CD7FF /* Release */ = {
			isa = XCBuildConfiguration;
			buildSettings = {
				ASSETCATALOG_COMPILER_APPICON_NAME = AppIcon;
				ASSETCATALOG_COMPILER_LAUNCHIMAGE_NAME = LaunchImage;
				GCC_PRECOMPILE_PREFIX_HEADER = YES;
				GCC_PREFIX_HEADER = "LangSiYaZhi/LangSiYaZhi-Prefix.pch";
				INFOPLIST_FILE = "LangSiYaZhi/LangSiYaZhi-Info.plist";
				IPHONEOS_DEPLOYMENT_TARGET = 7.0;
				PRODUCT_NAME = "$(TARGET_NAME)";
				WRAPPER_EXTENSION = app;
			};
			name = Release;
		};
		C002D891199DD81E009CD7FF /* Debug */ = {
			isa = XCBuildConfiguration;
			buildSettings = {
				BUNDLE_LOADER = "$(BUILT_PRODUCTS_DIR)/LangSiYaZhi.app/LangSiYaZhi";
				FRAMEWORK_SEARCH_PATHS = (
					"$(SDKROOT)/Developer/Library/Frameworks",
					"$(inherited)",
					"$(DEVELOPER_FRAMEWORKS_DIR)",
				);
				GCC_PRECOMPILE_PREFIX_HEADER = YES;
				GCC_PREFIX_HEADER = "LangSiYaZhi/LangSiYaZhi-Prefix.pch";
				GCC_PREPROCESSOR_DEFINITIONS = (
					"DEBUG=1",
					"$(inherited)",
				);
				INFOPLIST_FILE = "LangSiYaZhiTests/LangSiYaZhiTests-Info.plist";
				PRODUCT_NAME = "$(TARGET_NAME)";
				TEST_HOST = "$(BUNDLE_LOADER)";
				WRAPPER_EXTENSION = xctest;
			};
			name = Debug;
		};
		C002D892199DD81E009CD7FF /* Release */ = {
			isa = XCBuildConfiguration;
			buildSettings = {
				BUNDLE_LOADER = "$(BUILT_PRODUCTS_DIR)/LangSiYaZhi.app/LangSiYaZhi";
				FRAMEWORK_SEARCH_PATHS = (
					"$(SDKROOT)/Developer/Library/Frameworks",
					"$(inherited)",
					"$(DEVELOPER_FRAMEWORKS_DIR)",
				);
				GCC_PRECOMPILE_PREFIX_HEADER = YES;
				GCC_PREFIX_HEADER = "LangSiYaZhi/LangSiYaZhi-Prefix.pch";
				INFOPLIST_FILE = "LangSiYaZhiTests/LangSiYaZhiTests-Info.plist";
				PRODUCT_NAME = "$(TARGET_NAME)";
				TEST_HOST = "$(BUNDLE_LOADER)";
				WRAPPER_EXTENSION = xctest;
			};
			name = Release;
		};
/* End XCBuildConfiguration section */

/* Begin XCConfigurationList section */
		C002D856199DD81E009CD7FF /* Build configuration list for PBXProject "LangSiYaZhi" */ = {
			isa = XCConfigurationList;
			buildConfigurations = (
				C002D88B199DD81E009CD7FF /* Debug */,
				C002D88C199DD81E009CD7FF /* Release */,
			);
			defaultConfigurationIsVisible = 0;
			defaultConfigurationName = Release;
		};
		C002D88D199DD81E009CD7FF /* Build configuration list for PBXNativeTarget "LangSiYaZhi" */ = {
			isa = XCConfigurationList;
			buildConfigurations = (
				C002D88E199DD81E009CD7FF /* Debug */,
				C002D88F199DD81E009CD7FF /* Release */,
			);
			defaultConfigurationIsVisible = 0;
			defaultConfigurationName = Release;
		};
		C002D890199DD81E009CD7FF /* Build configuration list for PBXNativeTarget "LangSiYaZhiTests" */ = {
			isa = XCConfigurationList;
			buildConfigurations = (
				C002D891199DD81E009CD7FF /* Debug */,
				C002D892199DD81E009CD7FF /* Release */,
			);
			defaultConfigurationIsVisible = 0;
			defaultConfigurationName = Release;
		};
/* End XCConfigurationList section */
	};
	rootObject = C002D853199DD81E009CD7FF /* Project object */;
}
